// !$*UTF8*$!
{
	archiveVersion = 1;
	classes = {
	};
	objectVersion = 51;
	objects = {

/* Begin PBXBuildFile section */
		1F64F18F4FD1BF62618F8397 /* Pods_LightSmartLock.framework in Frameworks */ = {isa = PBXBuildFile; fileRef = 5927D6F125DE487DAA43F786 /* Pods_LightSmartLock.framework */; };
		9C1A4BC4238D0A1A00626DB4 /* AnimationHeaderView.swift in Sources */ = {isa = PBXBuildFile; fileRef = 9C1A4BC2238D0A1A00626DB4 /* AnimationHeaderView.swift */; };
		9C1A4BC5238D0A1A00626DB4 /* AnimationHeaderView.xib in Resources */ = {isa = PBXBuildFile; fileRef = 9C1A4BC3238D0A1A00626DB4 /* AnimationHeaderView.xib */; };
		9C1A4BC8238D2E7C00626DB4 /* HomeControlCell.swift in Sources */ = {isa = PBXBuildFile; fileRef = 9C1A4BC6238D2E7C00626DB4 /* HomeControlCell.swift */; };
		9C1A4BC9238D2E7C00626DB4 /* HomeControlCell.xib in Resources */ = {isa = PBXBuildFile; fileRef = 9C1A4BC7238D2E7C00626DB4 /* HomeControlCell.xib */; };
		9C1A4BCC238D35BA00626DB4 /* HomeUnlockRecordHeader.swift in Sources */ = {isa = PBXBuildFile; fileRef = 9C1A4BCA238D35BA00626DB4 /* HomeUnlockRecordHeader.swift */; };
		9C1A4BCD238D35BA00626DB4 /* HomeUnlockRecordHeader.xib in Resources */ = {isa = PBXBuildFile; fileRef = 9C1A4BCB238D35BA00626DB4 /* HomeUnlockRecordHeader.xib */; };
		9C1B87C2239767A100216ADA /* InitialLock.storyboard in Resources */ = {isa = PBXBuildFile; fileRef = 9C1B87C1239767A100216ADA /* InitialLock.storyboard */; };
		9C1B87C42397693100216ADA /* LockStartScanningController.swift in Sources */ = {isa = PBXBuildFile; fileRef = 9C1B87C32397693100216ADA /* LockStartScanningController.swift */; };
		9C1B87C72397701C00216ADA /* LockStartScanViewModel.swift in Sources */ = {isa = PBXBuildFile; fileRef = 9C1B87C62397701C00216ADA /* LockStartScanViewModel.swift */; };
		9C1B87C92397739100216ADA /* LockSettingPasswordController.swift in Sources */ = {isa = PBXBuildFile; fileRef = 9C1B87C82397739100216ADA /* LockSettingPasswordController.swift */; };
		9C1B87CB2397942700216ADA /* LockBindViewModel.swift in Sources */ = {isa = PBXBuildFile; fileRef = 9C1B87CA2397942700216ADA /* LockBindViewModel.swift */; };
		9C1B87CD23979B7200216ADA /* SelectLockTypeController.swift in Sources */ = {isa = PBXBuildFile; fileRef = 9C1B87CC23979B7200216ADA /* SelectLockTypeController.swift */; };
		9C1C838E23892C83005BB17C /* HomeViewModel.swift in Sources */ = {isa = PBXBuildFile; fileRef = 9C1C838D23892C83005BB17C /* HomeViewModel.swift */; };
		9C24AC1423838C80005EBF95 /* BaseNavigationController.swift in Sources */ = {isa = PBXBuildFile; fileRef = 9C24AC1323838C80005EBF95 /* BaseNavigationController.swift */; };
		9C24AC1623838CD1005EBF95 /* NavigationSettingStyle.swift in Sources */ = {isa = PBXBuildFile; fileRef = 9C24AC1523838CD1005EBF95 /* NavigationSettingStyle.swift */; };
		9C24AC1923838E56005EBF95 /* UIFont+extension.swift in Sources */ = {isa = PBXBuildFile; fileRef = 9C24AC1823838E56005EBF95 /* UIFont+extension.swift */; };
		9C24AC1B23839D75005EBF95 /* Swizzling+UIViewController.swift in Sources */ = {isa = PBXBuildFile; fileRef = 9C24AC1A23839D74005EBF95 /* Swizzling+UIViewController.swift */; };
		9C24AC1D23839EB9005EBF95 /* UIImage+Extension.swift in Sources */ = {isa = PBXBuildFile; fileRef = 9C24AC1C23839EB9005EBF95 /* UIImage+Extension.swift */; };
		9C24AC1F2383A2C7005EBF95 /* ColorClassification.swift in Sources */ = {isa = PBXBuildFile; fileRef = 9C24AC1E2383A2C7005EBF95 /* ColorClassification.swift */; };
		9C24AC212383C1C6005EBF95 /* Login.storyboard in Resources */ = {isa = PBXBuildFile; fileRef = 9C24AC202383C1C6005EBF95 /* Login.storyboard */; };
		9C24AC232383C206005EBF95 /* LoginViewController.swift in Sources */ = {isa = PBXBuildFile; fileRef = 9C24AC222383C206005EBF95 /* LoginViewController.swift */; };
		9C24AC252383C9CB005EBF95 /* UIView+Extension.swift in Sources */ = {isa = PBXBuildFile; fileRef = 9C24AC242383C9CB005EBF95 /* UIView+Extension.swift */; };
		9C24AC272383CB78005EBF95 /* ObjectAssociation.swift in Sources */ = {isa = PBXBuildFile; fileRef = 9C24AC262383CB78005EBF95 /* ObjectAssociation.swift */; };
		9C24AC292383CB92005EBF95 /* UITextField+Extension.swift in Sources */ = {isa = PBXBuildFile; fileRef = 9C24AC282383CB92005EBF95 /* UITextField+Extension.swift */; };
		9C24AC2B2383CD94005EBF95 /* StaticConst.swift in Sources */ = {isa = PBXBuildFile; fileRef = 9C24AC2A2383CD94005EBF95 /* StaticConst.swift */; };
		9C24AC2E2383D5D9005EBF95 /* LSLUser.swift in Sources */ = {isa = PBXBuildFile; fileRef = 9C24AC2D2383D5D9005EBF95 /* LSLUser.swift */; };
		9C24AC302383D89A005EBF95 /* LocalArchiver.swift in Sources */ = {isa = PBXBuildFile; fileRef = 9C24AC2F2383D89A005EBF95 /* LocalArchiver.swift */; };
		9C24AC332383D91B005EBF95 /* AccessTokenModel.swift in Sources */ = {isa = PBXBuildFile; fileRef = 9C24AC322383D91B005EBF95 /* AccessTokenModel.swift */; };
		9C24AC352383DCB0005EBF95 /* UserModel.swift in Sources */ = {isa = PBXBuildFile; fileRef = 9C24AC342383DCB0005EBF95 /* UserModel.swift */; };
		9C24AC372383DE6E005EBF95 /* SceneModels.swift in Sources */ = {isa = PBXBuildFile; fileRef = 9C24AC362383DE6E005EBF95 /* SceneModels.swift */; };
		9C24AC392383E00C005EBF95 /* LockModels.swift in Sources */ = {isa = PBXBuildFile; fileRef = 9C24AC382383E00C005EBF95 /* LockModels.swift */; };
		9C24AC3B2383E736005EBF95 /* ViewLoader.swift in Sources */ = {isa = PBXBuildFile; fileRef = 9C24AC3A2383E736005EBF95 /* ViewLoader.swift */; };
		9C24AC3F2383EB55005EBF95 /* OpenDoorViewController.swift in Sources */ = {isa = PBXBuildFile; fileRef = 9C24AC3D2383EB55005EBF95 /* OpenDoorViewController.swift */; };
		9C24AC402383EB55005EBF95 /* OpenDoorViewController.xib in Resources */ = {isa = PBXBuildFile; fileRef = 9C24AC3E2383EB55005EBF95 /* OpenDoorViewController.xib */; };
		9C24AC422383EB88005EBF95 /* Home.storyboard in Resources */ = {isa = PBXBuildFile; fileRef = 9C24AC412383EB88005EBF95 /* Home.storyboard */; };
		9C24AC442383EB96005EBF95 /* My.storyboard in Resources */ = {isa = PBXBuildFile; fileRef = 9C24AC432383EB96005EBF95 /* My.storyboard */; };
		9C24AC462383EBB1005EBF95 /* MyViewController.swift in Sources */ = {isa = PBXBuildFile; fileRef = 9C24AC452383EBB1005EBF95 /* MyViewController.swift */; };
		9C24AC482383EBE5005EBF95 /* HomeViewController.swift in Sources */ = {isa = PBXBuildFile; fileRef = 9C24AC472383EBE5005EBF95 /* HomeViewController.swift */; };
		9C24AC4A2383F344005EBF95 /* CustomizedTabbarItem.swift in Sources */ = {isa = PBXBuildFile; fileRef = 9C24AC492383F344005EBF95 /* CustomizedTabbarItem.swift */; };
		9C24AC4C2383F639005EBF95 /* CustomizedOpenDoorItem.swift in Sources */ = {isa = PBXBuildFile; fileRef = 9C24AC4B2383F639005EBF95 /* CustomizedOpenDoorItem.swift */; };
		9C3726C62390B2DD00450757 /* ChangePasswordController.swift in Sources */ = {isa = PBXBuildFile; fileRef = 9C3726C52390B2DD00450757 /* ChangePasswordController.swift */; };
		9C3726C82390C6AD00450757 /* Empty+UIViewController.swift in Sources */ = {isa = PBXBuildFile; fileRef = 9C3726C72390C6AD00450757 /* Empty+UIViewController.swift */; };
		9C3726CC2390CE4D00450757 /* normalDarkMode.json in Resources */ = {isa = PBXBuildFile; fileRef = 9C3726CB2390CE4D00450757 /* normalDarkMode.json */; };
		9C3726CE2390D29900450757 /* ChangePhoneController.swift in Sources */ = {isa = PBXBuildFile; fileRef = 9C3726CD2390D29900450757 /* ChangePhoneController.swift */; };
		9C3726D723910C0100450757 /* NORData.swift in Sources */ = {isa = PBXBuildFile; fileRef = 9C3726D223910C0100450757 /* NORData.swift */; };
		9C3726D923910C0100450757 /* NORServiceIdentifiers.swift in Sources */ = {isa = PBXBuildFile; fileRef = 9C3726D423910C0100450757 /* NORServiceIdentifiers.swift */; };
		9C3726DC23910CB000450757 /* String+Extension.swift in Sources */ = {isa = PBXBuildFile; fileRef = 9C3726DB23910CB000450757 /* String+Extension.swift */; };
		9C3726DE23910FF700450757 /* BluetoothPapa.swift in Sources */ = {isa = PBXBuildFile; fileRef = 9C3726DD23910FF700450757 /* BluetoothPapa.swift */; };
		9C3726E02391108400450757 /* PPBluetoothScanEntity.swift in Sources */ = {isa = PBXBuildFile; fileRef = 9C3726DF2391108400450757 /* PPBluetoothScanEntity.swift */; };
		9C3726E32391164700450757 /* OpenDoorViewModel.swift in Sources */ = {isa = PBXBuildFile; fileRef = 9C3726E22391164700450757 /* OpenDoorViewModel.swift */; };
		9C3726E52391369900450757 /* MessageCenterController.swift in Sources */ = {isa = PBXBuildFile; fileRef = 9C3726E42391369900450757 /* MessageCenterController.swift */; };
		9C3726E723913C5400450757 /* MessageCenterViewModel.swift in Sources */ = {isa = PBXBuildFile; fileRef = 9C3726E623913C5400450757 /* MessageCenterViewModel.swift */; };
		9C429767238637E3004CB999 /* LoginViewReactor.swift in Sources */ = {isa = PBXBuildFile; fileRef = 9C429766238637E3004CB999 /* LoginViewReactor.swift */; };
		9C42976B2386389B004CB999 /* LoginService.swift in Sources */ = {isa = PBXBuildFile; fileRef = 9C42976A2386389B004CB999 /* LoginService.swift */; };
		9C42976D23866026004CB999 /* UIButton+Extension.swift in Sources */ = {isa = PBXBuildFile; fileRef = 9C42976C23866026004CB999 /* UIButton+Extension.swift */; };
		9C42976F23866088004CB999 /* PKHud+Rx.swift in Sources */ = {isa = PBXBuildFile; fileRef = 9C42976E23866088004CB999 /* PKHud+Rx.swift */; };
		9C4297782386A64C004CB999 /* RegistrationRecoveryService.swift in Sources */ = {isa = PBXBuildFile; fileRef = 9C4297772386A64C004CB999 /* RegistrationRecoveryService.swift */; };
		9C452F082394AA2E00144827 /* CenterMessageModel.swift in Sources */ = {isa = PBXBuildFile; fileRef = 9C452F072394AA2E00144827 /* CenterMessageModel.swift */; };
		9C452F0A2394C38800144827 /* HomeSettringController.swift in Sources */ = {isa = PBXBuildFile; fileRef = 9C452F092394C38800144827 /* HomeSettringController.swift */; };
		9C452F0C2394E2BE00144827 /* LockSettingController.swift in Sources */ = {isa = PBXBuildFile; fileRef = 9C452F0B2394E2BE00144827 /* LockSettingController.swift */; };
		9C452F0E2394E84A00144827 /* BluetoothViewModel.swift in Sources */ = {isa = PBXBuildFile; fileRef = 9C452F0D2394E84A00144827 /* BluetoothViewModel.swift */; };
		9C452F102394E9CE00144827 /* LockSettingViewModel.swift in Sources */ = {isa = PBXBuildFile; fileRef = 9C452F0F2394E9CE00144827 /* LockSettingViewModel.swift */; };
		9C452F122394EC3E00144827 /* SoundSettingController.swift in Sources */ = {isa = PBXBuildFile; fileRef = 9C452F112394EC3E00144827 /* SoundSettingController.swift */; };
		9C47DB73239A0A220019EAA0 /* Popups.swift in Sources */ = {isa = PBXBuildFile; fileRef = 9C47DB72239A0A220019EAA0 /* Popups.swift */; };
		9C47DB77239A0A810019EAA0 /* SelectPopupView.swift in Sources */ = {isa = PBXBuildFile; fileRef = 9C47DB76239A0A810019EAA0 /* SelectPopupView.swift */; };
		9C47DB79239A0B0E0019EAA0 /* SelectPopupView.xib in Resources */ = {isa = PBXBuildFile; fileRef = 9C47DB78239A0B0E0019EAA0 /* SelectPopupView.xib */; };
		9C47DB7B239A2DD70019EAA0 /* UserManagementController.swift in Sources */ = {isa = PBXBuildFile; fileRef = 9C47DB7A239A2DD70019EAA0 /* UserManagementController.swift */; };
		9C47DB7D239A36320019EAA0 /* UserMembersModels.swift in Sources */ = {isa = PBXBuildFile; fileRef = 9C47DB7C239A36320019EAA0 /* UserMembersModels.swift */; };
		9C47DB7F239A36560019EAA0 /* UserManagementViewModel.swift in Sources */ = {isa = PBXBuildFile; fileRef = 9C47DB7E239A36560019EAA0 /* UserManagementViewModel.swift */; };
		9C47DB83239A39070019EAA0 /* ListViewModeling.swift in Sources */ = {isa = PBXBuildFile; fileRef = 9C47DB82239A39070019EAA0 /* ListViewModeling.swift */; };
		9C47DB85239A526E0019EAA0 /* UserDetailController.swift in Sources */ = {isa = PBXBuildFile; fileRef = 9C47DB84239A526E0019EAA0 /* UserDetailController.swift */; };
		9C524021238E0E3100308AC4 /* normal.json in Resources */ = {isa = PBXBuildFile; fileRef = 9C524020238E0E3100308AC4 /* normal.json */; };
		9C524023238E0E3F00308AC4 /* error.json in Resources */ = {isa = PBXBuildFile; fileRef = 9C524022238E0E3F00308AC4 /* error.json */; };
		9C524025238E0E5500308AC4 /* warning.json in Resources */ = {isa = PBXBuildFile; fileRef = 9C524024238E0E5500308AC4 /* warning.json */; };
		9C524028238E12E300308AC4 /* UIApplicationProxy.swift in Sources */ = {isa = PBXBuildFile; fileRef = 9C524027238E12E300308AC4 /* UIApplicationProxy.swift */; };
		9C52402A238E132900308AC4 /* UIApplication+Rx.swift in Sources */ = {isa = PBXBuildFile; fileRef = 9C524029238E132900308AC4 /* UIApplication+Rx.swift */; };
		9C52402D238E163D00308AC4 /* UnlockRecordCell.swift in Sources */ = {isa = PBXBuildFile; fileRef = 9C52402B238E163D00308AC4 /* UnlockRecordCell.swift */; };
		9C52402E238E163D00308AC4 /* UnlockRecordCell.xib in Resources */ = {isa = PBXBuildFile; fileRef = 9C52402C238E163D00308AC4 /* UnlockRecordCell.xib */; };
		9C524030238E56A700308AC4 /* UIViewController+Extension.swift in Sources */ = {isa = PBXBuildFile; fileRef = 9C52402F238E56A700308AC4 /* UIViewController+Extension.swift */; };
		9C524034238E64C000308AC4 /* RecordUnlockController.swift in Sources */ = {isa = PBXBuildFile; fileRef = 9C524033238E64C000308AC4 /* RecordUnlockController.swift */; };
		9C524038238E66B500308AC4 /* RecordUnlockReactor.swift in Sources */ = {isa = PBXBuildFile; fileRef = 9C524037238E66B500308AC4 /* RecordUnlockReactor.swift */; };
		9C5471992395047200432ACA /* LockInfoController.swift in Sources */ = {isa = PBXBuildFile; fileRef = 9C5471982395047200432ACA /* LockInfoController.swift */; };
		9C54719B239507DE00432ACA /* LSLWebViewController.swift in Sources */ = {isa = PBXBuildFile; fileRef = 9C54719A239507DE00432ACA /* LSLWebViewController.swift */; };
		9C54719D2395107E00432ACA /* PositioEditingController.swift in Sources */ = {isa = PBXBuildFile; fileRef = 9C54719C2395107E00432ACA /* PositioEditingController.swift */; };
		9C54719F239517F000432ACA /* PositionViewModel.swift in Sources */ = {isa = PBXBuildFile; fileRef = 9C54719E239517F000432ACA /* PositionViewModel.swift */; };
		9C5471A12395184400432ACA /* PositionModel.swift in Sources */ = {isa = PBXBuildFile; fileRef = 9C5471A02395184400432ACA /* PositionModel.swift */; };
		9C5471A423951C1E00432ACA /* DataPickerController.xib in Resources */ = {isa = PBXBuildFile; fileRef = 9C5471A223951C1E00432ACA /* DataPickerController.xib */; };
		9C5471A523951C1E00432ACA /* DataPickerController.swift in Sources */ = {isa = PBXBuildFile; fileRef = 9C5471A323951C1E00432ACA /* DataPickerController.swift */; };
		9C752FCD238774A9000FEA73 /* RegisterForgetController.swift in Sources */ = {isa = PBXBuildFile; fileRef = 9C752FCC238774A9000FEA73 /* RegisterForgetController.swift */; };
		9C752FD0238794BE000FEA73 /* CountdownButton.swift in Sources */ = {isa = PBXBuildFile; fileRef = 9C752FCF238794BE000FEA73 /* CountdownButton.swift */; };
		9C752FD223879546000FEA73 /* RegisPwdViewModel.swift in Sources */ = {isa = PBXBuildFile; fileRef = 9C752FD123879546000FEA73 /* RegisPwdViewModel.swift */; };
		9C752FD42388080A000FEA73 /* NoLockViewController.swift in Sources */ = {isa = PBXBuildFile; fileRef = 9C752FD32388080A000FEA73 /* NoLockViewController.swift */; };
		9C770592238FA11A008E1552 /* MyInfoHeader.swift in Sources */ = {isa = PBXBuildFile; fileRef = 9C770590238FA11A008E1552 /* MyInfoHeader.swift */; };
		9C770593238FA11A008E1552 /* MyInfoHeader.xib in Resources */ = {isa = PBXBuildFile; fileRef = 9C770591238FA11A008E1552 /* MyInfoHeader.xib */; };
		9C770596238FA351008E1552 /* MyListCell.swift in Sources */ = {isa = PBXBuildFile; fileRef = 9C770594238FA351008E1552 /* MyListCell.swift */; };
		9C770597238FA351008E1552 /* MyListCell.xib in Resources */ = {isa = PBXBuildFile; fileRef = 9C770595238FA351008E1552 /* MyListCell.xib */; };
		9C77059A238FACC7008E1552 /* MyViewModel.swift in Sources */ = {isa = PBXBuildFile; fileRef = 9C770599238FACC7008E1552 /* MyViewModel.swift */; };
		9C77059C238FBFC6008E1552 /* MySettingViewController.swift in Sources */ = {isa = PBXBuildFile; fileRef = 9C77059B238FBFC6008E1552 /* MySettingViewController.swift */; };
		9C77059E238FCC79008E1552 /* MySettingViewModel.swift in Sources */ = {isa = PBXBuildFile; fileRef = 9C77059D238FCC79008E1552 /* MySettingViewModel.swift */; };
		9C7705A1238FE358008E1552 /* SingleInputController.swift in Sources */ = {isa = PBXBuildFile; fileRef = 9C77059F238FE358008E1552 /* SingleInputController.swift */; };
		9C7705A2238FE358008E1552 /* SingleInputController.xib in Resources */ = {isa = PBXBuildFile; fileRef = 9C7705A0238FE358008E1552 /* SingleInputController.xib */; };
		9C7AFF142395FAF70075442D /* GeolocationService.swift in Sources */ = {isa = PBXBuildFile; fileRef = 9C7AFF132395FAF70075442D /* GeolocationService.swift */; };
		9C7AFF162395FC870075442D /* CLLocationManager+Rx.swift in Sources */ = {isa = PBXBuildFile; fileRef = 9C7AFF152395FC870075442D /* CLLocationManager+Rx.swift */; };
		9C7AFF182395FD2C0075442D /* GoudaMapModel.swift in Sources */ = {isa = PBXBuildFile; fileRef = 9C7AFF172395FD2C0075442D /* GoudaMapModel.swift */; };
		9C7AFF1A239600830075442D /* SearchPlotController.swift in Sources */ = {isa = PBXBuildFile; fileRef = 9C7AFF19239600830075442D /* SearchPlotController.swift */; };
		9C7AFF1D239603F00075442D /* SearchPlotCell.swift in Sources */ = {isa = PBXBuildFile; fileRef = 9C7AFF1B239603F00075442D /* SearchPlotCell.swift */; };
		9C7AFF1E239603F00075442D /* SearchPlotCell.xib in Resources */ = {isa = PBXBuildFile; fileRef = 9C7AFF1C239603F00075442D /* SearchPlotCell.xib */; };
		9C7AFF20239618040075442D /* SearchPlotViewModel.swift in Sources */ = {isa = PBXBuildFile; fileRef = 9C7AFF1F239618040075442D /* SearchPlotViewModel.swift */; };
		9C7AFF22239631930075442D /* UKRefreshStatus.swift in Sources */ = {isa = PBXBuildFile; fileRef = 9C7AFF21239631930075442D /* UKRefreshStatus.swift */; };
		9C7AFF24239636640075442D /* NSMutableAttributedString+Extention.swift in Sources */ = {isa = PBXBuildFile; fileRef = 9C7AFF23239636640075442D /* NSMutableAttributedString+Extention.swift */; };
		9C7AFF2623964A950075442D /* SetBuildingNumberController.swift in Sources */ = {isa = PBXBuildFile; fileRef = 9C7AFF2523964A950075442D /* SetBuildingNumberController.swift */; };
		9CB4B347239DE08E001197AB /* PasswordManagementController.swift in Sources */ = {isa = PBXBuildFile; fileRef = 9CB4B346239DE08E001197AB /* PasswordManagementController.swift */; };
		9CB4B349239DE774001197AB /* PasswordManagementViewModel.swift in Sources */ = {isa = PBXBuildFile; fileRef = 9CB4B348239DE774001197AB /* PasswordManagementViewModel.swift */; };
		9CB4B34B239DE8C3001197AB /* DigitalPasswordModel.swift in Sources */ = {isa = PBXBuildFile; fileRef = 9CB4B34A239DE8C3001197AB /* DigitalPasswordModel.swift */; };
		9CB4B34D239DF519001197AB /* DigitalPwdDetailController.swift in Sources */ = {isa = PBXBuildFile; fileRef = 9CB4B34C239DF519001197AB /* DigitalPwdDetailController.swift */; };
		9CB4B34F239E31FC001197AB /* ChangeDigitalPwdController.swift in Sources */ = {isa = PBXBuildFile; fileRef = 9CB4B34E239E31FC001197AB /* ChangeDigitalPwdController.swift */; };
		9CB4B351239E3AA2001197AB /* DigitalChangePwdViewModel.swift in Sources */ = {isa = PBXBuildFile; fileRef = 9CB4B350239E3AA2001197AB /* DigitalChangePwdViewModel.swift */; };
		9CDD27222382801D006A9B97 /* AppDelegate.swift in Sources */ = {isa = PBXBuildFile; fileRef = 9CDD27212382801D006A9B97 /* AppDelegate.swift */; };
		9CDD27292382801D006A9B97 /* Main.storyboard in Resources */ = {isa = PBXBuildFile; fileRef = 9CDD27272382801D006A9B97 /* Main.storyboard */; };
		9CDD272B2382801E006A9B97 /* Assets.xcassets in Resources */ = {isa = PBXBuildFile; fileRef = 9CDD272A2382801E006A9B97 /* Assets.xcassets */; };
		9CDD272E2382801E006A9B97 /* LaunchScreen.storyboard in Resources */ = {isa = PBXBuildFile; fileRef = 9CDD272C2382801E006A9B97 /* LaunchScreen.storyboard */; };
		9CDD274423829363006A9B97 /* RootViewController.swift in Sources */ = {isa = PBXBuildFile; fileRef = 9CDD274323829363006A9B97 /* RootViewController.swift */; };
		9CFDE1FA2384EA2A0062522E /* opendoor.json in Resources */ = {isa = PBXBuildFile; fileRef = 9CFDE1F82384EA2A0062522E /* opendoor.json */; };
		9CFDE1FC238513D40062522E /* bluetooth.json in Resources */ = {isa = PBXBuildFile; fileRef = 9CFDE1FB238513D40062522E /* bluetooth.json */; };
		9CFDE1FF23851E310062522E /* NetworkingEnvironment.swift in Sources */ = {isa = PBXBuildFile; fileRef = 9CFDE1FE23851E310062522E /* NetworkingEnvironment.swift */; };
		9CFDE20123851EE80062522E /* NetworkInterface.swift in Sources */ = {isa = PBXBuildFile; fileRef = 9CFDE20023851EE80062522E /* NetworkInterface.swift */; };
		9CFDE20323851F660062522E /* NetworkInterfaceImplement.swift in Sources */ = {isa = PBXBuildFile; fileRef = 9CFDE20223851F660062522E /* NetworkInterfaceImplement.swift */; };
		9CFDE2052385219F0062522E /* RxMoyaProvider.swift in Sources */ = {isa = PBXBuildFile; fileRef = 9CFDE2042385219F0062522E /* RxMoyaProvider.swift */; };
		9CFDE207238523A80062522E /* LoadingPlugin.swift in Sources */ = {isa = PBXBuildFile; fileRef = 9CFDE206238523A80062522E /* LoadingPlugin.swift */; };
		9CFDE20B238531CB0062522E /* loading.json in Resources */ = {isa = PBXBuildFile; fileRef = 9CFDE20A238531CB0062522E /* loading.json */; };
		9CFDE20F2385346E0062522E /* AppErrorDomain.swift in Sources */ = {isa = PBXBuildFile; fileRef = 9CFDE20E2385346E0062522E /* AppErrorDomain.swift */; };
		9CFDE211238537A30062522E /* NetworkAPI.swift in Sources */ = {isa = PBXBuildFile; fileRef = 9CFDE210238537A30062522E /* NetworkAPI.swift */; };
		9CFDE21423853C170062522E /* NetworkMetaDb.swift in Sources */ = {isa = PBXBuildFile; fileRef = 9CFDE21323853C170062522E /* NetworkMetaDb.swift */; };
		9CFDE21623853DE60062522E /* NetworkDiskStorage.swift in Sources */ = {isa = PBXBuildFile; fileRef = 9CFDE21523853DE60062522E /* NetworkDiskStorage.swift */; };
/* End PBXBuildFile section */

/* Begin PBXFileReference section */
		2CC741DB4C59065DD926D509 /* Pods-LightSmartLock.release.xcconfig */ = {isa = PBXFileReference; includeInIndex = 1; lastKnownFileType = text.xcconfig; name = "Pods-LightSmartLock.release.xcconfig"; path = "Target Support Files/Pods-LightSmartLock/Pods-LightSmartLock.release.xcconfig"; sourceTree = "<group>"; };
		56B15D3085FA9EFD559AB2C2 /* Pods-LightSmartLock.debug.xcconfig */ = {isa = PBXFileReference; includeInIndex = 1; lastKnownFileType = text.xcconfig; name = "Pods-LightSmartLock.debug.xcconfig"; path = "Target Support Files/Pods-LightSmartLock/Pods-LightSmartLock.debug.xcconfig"; sourceTree = "<group>"; };
		5927D6F125DE487DAA43F786 /* Pods_LightSmartLock.framework */ = {isa = PBXFileReference; explicitFileType = wrapper.framework; includeInIndex = 0; path = Pods_LightSmartLock.framework; sourceTree = BUILT_PRODUCTS_DIR; };
		9C1A4BC2238D0A1A00626DB4 /* AnimationHeaderView.swift */ = {isa = PBXFileReference; lastKnownFileType = sourcecode.swift; path = AnimationHeaderView.swift; sourceTree = "<group>"; };
		9C1A4BC3238D0A1A00626DB4 /* AnimationHeaderView.xib */ = {isa = PBXFileReference; lastKnownFileType = file.xib; path = AnimationHeaderView.xib; sourceTree = "<group>"; };
		9C1A4BC6238D2E7C00626DB4 /* HomeControlCell.swift */ = {isa = PBXFileReference; lastKnownFileType = sourcecode.swift; path = HomeControlCell.swift; sourceTree = "<group>"; };
		9C1A4BC7238D2E7C00626DB4 /* HomeControlCell.xib */ = {isa = PBXFileReference; lastKnownFileType = file.xib; path = HomeControlCell.xib; sourceTree = "<group>"; };
		9C1A4BCA238D35BA00626DB4 /* HomeUnlockRecordHeader.swift */ = {isa = PBXFileReference; lastKnownFileType = sourcecode.swift; path = HomeUnlockRecordHeader.swift; sourceTree = "<group>"; };
		9C1A4BCB238D35BA00626DB4 /* HomeUnlockRecordHeader.xib */ = {isa = PBXFileReference; lastKnownFileType = file.xib; path = HomeUnlockRecordHeader.xib; sourceTree = "<group>"; };
		9C1B87C1239767A100216ADA /* InitialLock.storyboard */ = {isa = PBXFileReference; lastKnownFileType = file.storyboard; path = InitialLock.storyboard; sourceTree = "<group>"; };
		9C1B87C32397693100216ADA /* LockStartScanningController.swift */ = {isa = PBXFileReference; lastKnownFileType = sourcecode.swift; path = LockStartScanningController.swift; sourceTree = "<group>"; };
		9C1B87C62397701C00216ADA /* LockStartScanViewModel.swift */ = {isa = PBXFileReference; lastKnownFileType = sourcecode.swift; path = LockStartScanViewModel.swift; sourceTree = "<group>"; };
		9C1B87C82397739100216ADA /* LockSettingPasswordController.swift */ = {isa = PBXFileReference; lastKnownFileType = sourcecode.swift; path = LockSettingPasswordController.swift; sourceTree = "<group>"; };
		9C1B87CA2397942700216ADA /* LockBindViewModel.swift */ = {isa = PBXFileReference; lastKnownFileType = sourcecode.swift; path = LockBindViewModel.swift; sourceTree = "<group>"; };
		9C1B87CC23979B7200216ADA /* SelectLockTypeController.swift */ = {isa = PBXFileReference; lastKnownFileType = sourcecode.swift; path = SelectLockTypeController.swift; sourceTree = "<group>"; };
		9C1C838D23892C83005BB17C /* HomeViewModel.swift */ = {isa = PBXFileReference; lastKnownFileType = sourcecode.swift; path = HomeViewModel.swift; sourceTree = "<group>"; };
		9C24AC1323838C80005EBF95 /* BaseNavigationController.swift */ = {isa = PBXFileReference; lastKnownFileType = sourcecode.swift; path = BaseNavigationController.swift; sourceTree = "<group>"; };
		9C24AC1523838CD1005EBF95 /* NavigationSettingStyle.swift */ = {isa = PBXFileReference; lastKnownFileType = sourcecode.swift; path = NavigationSettingStyle.swift; sourceTree = "<group>"; };
		9C24AC1823838E56005EBF95 /* UIFont+extension.swift */ = {isa = PBXFileReference; lastKnownFileType = sourcecode.swift; path = "UIFont+extension.swift"; sourceTree = "<group>"; };
		9C24AC1A23839D74005EBF95 /* Swizzling+UIViewController.swift */ = {isa = PBXFileReference; lastKnownFileType = sourcecode.swift; path = "Swizzling+UIViewController.swift"; sourceTree = "<group>"; };
		9C24AC1C23839EB9005EBF95 /* UIImage+Extension.swift */ = {isa = PBXFileReference; lastKnownFileType = sourcecode.swift; path = "UIImage+Extension.swift"; sourceTree = "<group>"; };
		9C24AC1E2383A2C7005EBF95 /* ColorClassification.swift */ = {isa = PBXFileReference; lastKnownFileType = sourcecode.swift; path = ColorClassification.swift; sourceTree = "<group>"; };
		9C24AC202383C1C6005EBF95 /* Login.storyboard */ = {isa = PBXFileReference; lastKnownFileType = file.storyboard; path = Login.storyboard; sourceTree = "<group>"; };
		9C24AC222383C206005EBF95 /* LoginViewController.swift */ = {isa = PBXFileReference; lastKnownFileType = sourcecode.swift; path = LoginViewController.swift; sourceTree = "<group>"; };
		9C24AC242383C9CB005EBF95 /* UIView+Extension.swift */ = {isa = PBXFileReference; lastKnownFileType = sourcecode.swift; path = "UIView+Extension.swift"; sourceTree = "<group>"; };
		9C24AC262383CB78005EBF95 /* ObjectAssociation.swift */ = {isa = PBXFileReference; fileEncoding = 4; lastKnownFileType = sourcecode.swift; path = ObjectAssociation.swift; sourceTree = "<group>"; };
		9C24AC282383CB92005EBF95 /* UITextField+Extension.swift */ = {isa = PBXFileReference; lastKnownFileType = sourcecode.swift; path = "UITextField+Extension.swift"; sourceTree = "<group>"; };
		9C24AC2A2383CD94005EBF95 /* StaticConst.swift */ = {isa = PBXFileReference; lastKnownFileType = sourcecode.swift; path = StaticConst.swift; sourceTree = "<group>"; };
		9C24AC2D2383D5D9005EBF95 /* LSLUser.swift */ = {isa = PBXFileReference; lastKnownFileType = sourcecode.swift; path = LSLUser.swift; sourceTree = "<group>"; };
		9C24AC2F2383D89A005EBF95 /* LocalArchiver.swift */ = {isa = PBXFileReference; fileEncoding = 4; lastKnownFileType = sourcecode.swift; path = LocalArchiver.swift; sourceTree = "<group>"; };
		9C24AC322383D91B005EBF95 /* AccessTokenModel.swift */ = {isa = PBXFileReference; lastKnownFileType = sourcecode.swift; path = AccessTokenModel.swift; sourceTree = "<group>"; };
		9C24AC342383DCB0005EBF95 /* UserModel.swift */ = {isa = PBXFileReference; lastKnownFileType = sourcecode.swift; path = UserModel.swift; sourceTree = "<group>"; };
		9C24AC362383DE6E005EBF95 /* SceneModels.swift */ = {isa = PBXFileReference; lastKnownFileType = sourcecode.swift; path = SceneModels.swift; sourceTree = "<group>"; };
		9C24AC382383E00C005EBF95 /* LockModels.swift */ = {isa = PBXFileReference; lastKnownFileType = sourcecode.swift; path = LockModels.swift; sourceTree = "<group>"; };
		9C24AC3A2383E736005EBF95 /* ViewLoader.swift */ = {isa = PBXFileReference; fileEncoding = 4; lastKnownFileType = sourcecode.swift; path = ViewLoader.swift; sourceTree = "<group>"; };
		9C24AC3D2383EB55005EBF95 /* OpenDoorViewController.swift */ = {isa = PBXFileReference; lastKnownFileType = sourcecode.swift; path = OpenDoorViewController.swift; sourceTree = "<group>"; };
		9C24AC3E2383EB55005EBF95 /* OpenDoorViewController.xib */ = {isa = PBXFileReference; lastKnownFileType = file.xib; path = OpenDoorViewController.xib; sourceTree = "<group>"; };
		9C24AC412383EB88005EBF95 /* Home.storyboard */ = {isa = PBXFileReference; lastKnownFileType = file.storyboard; path = Home.storyboard; sourceTree = "<group>"; };
		9C24AC432383EB96005EBF95 /* My.storyboard */ = {isa = PBXFileReference; lastKnownFileType = file.storyboard; path = My.storyboard; sourceTree = "<group>"; };
		9C24AC452383EBB1005EBF95 /* MyViewController.swift */ = {isa = PBXFileReference; lastKnownFileType = sourcecode.swift; path = MyViewController.swift; sourceTree = "<group>"; };
		9C24AC472383EBE5005EBF95 /* HomeViewController.swift */ = {isa = PBXFileReference; lastKnownFileType = sourcecode.swift; path = HomeViewController.swift; sourceTree = "<group>"; };
		9C24AC492383F344005EBF95 /* CustomizedTabbarItem.swift */ = {isa = PBXFileReference; lastKnownFileType = sourcecode.swift; path = CustomizedTabbarItem.swift; sourceTree = "<group>"; };
		9C24AC4B2383F639005EBF95 /* CustomizedOpenDoorItem.swift */ = {isa = PBXFileReference; lastKnownFileType = sourcecode.swift; path = CustomizedOpenDoorItem.swift; sourceTree = "<group>"; };
		9C3726C52390B2DD00450757 /* ChangePasswordController.swift */ = {isa = PBXFileReference; lastKnownFileType = sourcecode.swift; path = ChangePasswordController.swift; sourceTree = "<group>"; };
		9C3726C72390C6AD00450757 /* Empty+UIViewController.swift */ = {isa = PBXFileReference; lastKnownFileType = sourcecode.swift; path = "Empty+UIViewController.swift"; sourceTree = "<group>"; };
		9C3726CB2390CE4D00450757 /* normalDarkMode.json */ = {isa = PBXFileReference; fileEncoding = 4; lastKnownFileType = text.json; path = normalDarkMode.json; sourceTree = "<group>"; };
		9C3726CD2390D29900450757 /* ChangePhoneController.swift */ = {isa = PBXFileReference; lastKnownFileType = sourcecode.swift; path = ChangePhoneController.swift; sourceTree = "<group>"; };
		9C3726D223910C0100450757 /* NORData.swift */ = {isa = PBXFileReference; fileEncoding = 4; lastKnownFileType = sourcecode.swift; path = NORData.swift; sourceTree = "<group>"; };
		9C3726D423910C0100450757 /* NORServiceIdentifiers.swift */ = {isa = PBXFileReference; fileEncoding = 4; lastKnownFileType = sourcecode.swift; path = NORServiceIdentifiers.swift; sourceTree = "<group>"; };
		9C3726DB23910CB000450757 /* String+Extension.swift */ = {isa = PBXFileReference; lastKnownFileType = sourcecode.swift; path = "String+Extension.swift"; sourceTree = "<group>"; };
		9C3726DD23910FF700450757 /* BluetoothPapa.swift */ = {isa = PBXFileReference; lastKnownFileType = sourcecode.swift; path = BluetoothPapa.swift; sourceTree = "<group>"; };
		9C3726DF2391108400450757 /* PPBluetoothScanEntity.swift */ = {isa = PBXFileReference; lastKnownFileType = sourcecode.swift; path = PPBluetoothScanEntity.swift; sourceTree = "<group>"; };
		9C3726E22391164700450757 /* OpenDoorViewModel.swift */ = {isa = PBXFileReference; lastKnownFileType = sourcecode.swift; path = OpenDoorViewModel.swift; sourceTree = "<group>"; };
		9C3726E42391369900450757 /* MessageCenterController.swift */ = {isa = PBXFileReference; lastKnownFileType = sourcecode.swift; path = MessageCenterController.swift; sourceTree = "<group>"; };
		9C3726E623913C5400450757 /* MessageCenterViewModel.swift */ = {isa = PBXFileReference; lastKnownFileType = sourcecode.swift; path = MessageCenterViewModel.swift; sourceTree = "<group>"; };
		9C429766238637E3004CB999 /* LoginViewReactor.swift */ = {isa = PBXFileReference; lastKnownFileType = sourcecode.swift; path = LoginViewReactor.swift; sourceTree = "<group>"; };
		9C42976A2386389B004CB999 /* LoginService.swift */ = {isa = PBXFileReference; lastKnownFileType = sourcecode.swift; path = LoginService.swift; sourceTree = "<group>"; };
		9C42976C23866026004CB999 /* UIButton+Extension.swift */ = {isa = PBXFileReference; lastKnownFileType = sourcecode.swift; path = "UIButton+Extension.swift"; sourceTree = "<group>"; };
		9C42976E23866088004CB999 /* PKHud+Rx.swift */ = {isa = PBXFileReference; lastKnownFileType = sourcecode.swift; path = "PKHud+Rx.swift"; sourceTree = "<group>"; };
		9C4297772386A64C004CB999 /* RegistrationRecoveryService.swift */ = {isa = PBXFileReference; lastKnownFileType = sourcecode.swift; path = RegistrationRecoveryService.swift; sourceTree = "<group>"; };
		9C452F072394AA2E00144827 /* CenterMessageModel.swift */ = {isa = PBXFileReference; lastKnownFileType = sourcecode.swift; path = CenterMessageModel.swift; sourceTree = "<group>"; };
		9C452F092394C38800144827 /* HomeSettringController.swift */ = {isa = PBXFileReference; lastKnownFileType = sourcecode.swift; path = HomeSettringController.swift; sourceTree = "<group>"; };
		9C452F0B2394E2BE00144827 /* LockSettingController.swift */ = {isa = PBXFileReference; lastKnownFileType = sourcecode.swift; path = LockSettingController.swift; sourceTree = "<group>"; };
		9C452F0D2394E84A00144827 /* BluetoothViewModel.swift */ = {isa = PBXFileReference; lastKnownFileType = sourcecode.swift; path = BluetoothViewModel.swift; sourceTree = "<group>"; };
		9C452F0F2394E9CE00144827 /* LockSettingViewModel.swift */ = {isa = PBXFileReference; lastKnownFileType = sourcecode.swift; path = LockSettingViewModel.swift; sourceTree = "<group>"; };
		9C452F112394EC3E00144827 /* SoundSettingController.swift */ = {isa = PBXFileReference; lastKnownFileType = sourcecode.swift; path = SoundSettingController.swift; sourceTree = "<group>"; };
		9C47DB72239A0A220019EAA0 /* Popups.swift */ = {isa = PBXFileReference; lastKnownFileType = sourcecode.swift; path = Popups.swift; sourceTree = "<group>"; };
		9C47DB76239A0A810019EAA0 /* SelectPopupView.swift */ = {isa = PBXFileReference; lastKnownFileType = sourcecode.swift; path = SelectPopupView.swift; sourceTree = "<group>"; };
		9C47DB78239A0B0E0019EAA0 /* SelectPopupView.xib */ = {isa = PBXFileReference; lastKnownFileType = file.xib; path = SelectPopupView.xib; sourceTree = "<group>"; };
		9C47DB7A239A2DD70019EAA0 /* UserManagementController.swift */ = {isa = PBXFileReference; lastKnownFileType = sourcecode.swift; path = UserManagementController.swift; sourceTree = "<group>"; };
		9C47DB7C239A36320019EAA0 /* UserMembersModels.swift */ = {isa = PBXFileReference; fileEncoding = 4; lastKnownFileType = sourcecode.swift; path = UserMembersModels.swift; sourceTree = "<group>"; };
		9C47DB7E239A36560019EAA0 /* UserManagementViewModel.swift */ = {isa = PBXFileReference; lastKnownFileType = sourcecode.swift; path = UserManagementViewModel.swift; sourceTree = "<group>"; };
		9C47DB82239A39070019EAA0 /* ListViewModeling.swift */ = {isa = PBXFileReference; lastKnownFileType = sourcecode.swift; path = ListViewModeling.swift; sourceTree = "<group>"; };
		9C47DB84239A526E0019EAA0 /* UserDetailController.swift */ = {isa = PBXFileReference; lastKnownFileType = sourcecode.swift; path = UserDetailController.swift; sourceTree = "<group>"; };
		9C524020238E0E3100308AC4 /* normal.json */ = {isa = PBXFileReference; fileEncoding = 4; lastKnownFileType = text.json; path = normal.json; sourceTree = "<group>"; };
		9C524022238E0E3F00308AC4 /* error.json */ = {isa = PBXFileReference; fileEncoding = 4; lastKnownFileType = text.json; path = error.json; sourceTree = "<group>"; };
		9C524024238E0E5500308AC4 /* warning.json */ = {isa = PBXFileReference; fileEncoding = 4; lastKnownFileType = text.json; path = warning.json; sourceTree = "<group>"; };
		9C524027238E12E300308AC4 /* UIApplicationProxy.swift */ = {isa = PBXFileReference; lastKnownFileType = sourcecode.swift; path = UIApplicationProxy.swift; sourceTree = "<group>"; };
		9C524029238E132900308AC4 /* UIApplication+Rx.swift */ = {isa = PBXFileReference; lastKnownFileType = sourcecode.swift; path = "UIApplication+Rx.swift"; sourceTree = "<group>"; };
		9C52402B238E163D00308AC4 /* UnlockRecordCell.swift */ = {isa = PBXFileReference; lastKnownFileType = sourcecode.swift; path = UnlockRecordCell.swift; sourceTree = "<group>"; };
		9C52402C238E163D00308AC4 /* UnlockRecordCell.xib */ = {isa = PBXFileReference; lastKnownFileType = file.xib; path = UnlockRecordCell.xib; sourceTree = "<group>"; };
		9C52402F238E56A700308AC4 /* UIViewController+Extension.swift */ = {isa = PBXFileReference; lastKnownFileType = sourcecode.swift; path = "UIViewController+Extension.swift"; sourceTree = "<group>"; };
		9C524033238E64C000308AC4 /* RecordUnlockController.swift */ = {isa = PBXFileReference; lastKnownFileType = sourcecode.swift; path = RecordUnlockController.swift; sourceTree = "<group>"; };
		9C524037238E66B500308AC4 /* RecordUnlockReactor.swift */ = {isa = PBXFileReference; lastKnownFileType = sourcecode.swift; path = RecordUnlockReactor.swift; sourceTree = "<group>"; };
		9C5471982395047200432ACA /* LockInfoController.swift */ = {isa = PBXFileReference; lastKnownFileType = sourcecode.swift; path = LockInfoController.swift; sourceTree = "<group>"; };
		9C54719A239507DE00432ACA /* LSLWebViewController.swift */ = {isa = PBXFileReference; lastKnownFileType = sourcecode.swift; path = LSLWebViewController.swift; sourceTree = "<group>"; };
		9C54719C2395107E00432ACA /* PositioEditingController.swift */ = {isa = PBXFileReference; lastKnownFileType = sourcecode.swift; path = PositioEditingController.swift; sourceTree = "<group>"; };
		9C54719E239517F000432ACA /* PositionViewModel.swift */ = {isa = PBXFileReference; lastKnownFileType = sourcecode.swift; path = PositionViewModel.swift; sourceTree = "<group>"; };
		9C5471A02395184400432ACA /* PositionModel.swift */ = {isa = PBXFileReference; lastKnownFileType = sourcecode.swift; path = PositionModel.swift; sourceTree = "<group>"; };
		9C5471A223951C1E00432ACA /* DataPickerController.xib */ = {isa = PBXFileReference; fileEncoding = 4; lastKnownFileType = file.xib; path = DataPickerController.xib; sourceTree = "<group>"; };
		9C5471A323951C1E00432ACA /* DataPickerController.swift */ = {isa = PBXFileReference; fileEncoding = 4; lastKnownFileType = sourcecode.swift; path = DataPickerController.swift; sourceTree = "<group>"; };
		9C752FCC238774A9000FEA73 /* RegisterForgetController.swift */ = {isa = PBXFileReference; lastKnownFileType = sourcecode.swift; path = RegisterForgetController.swift; sourceTree = "<group>"; };
		9C752FCF238794BE000FEA73 /* CountdownButton.swift */ = {isa = PBXFileReference; fileEncoding = 4; lastKnownFileType = sourcecode.swift; path = CountdownButton.swift; sourceTree = "<group>"; };
		9C752FD123879546000FEA73 /* RegisPwdViewModel.swift */ = {isa = PBXFileReference; lastKnownFileType = sourcecode.swift; path = RegisPwdViewModel.swift; sourceTree = "<group>"; };
		9C752FD32388080A000FEA73 /* NoLockViewController.swift */ = {isa = PBXFileReference; lastKnownFileType = sourcecode.swift; path = NoLockViewController.swift; sourceTree = "<group>"; };
		9C770590238FA11A008E1552 /* MyInfoHeader.swift */ = {isa = PBXFileReference; lastKnownFileType = sourcecode.swift; path = MyInfoHeader.swift; sourceTree = "<group>"; };
		9C770591238FA11A008E1552 /* MyInfoHeader.xib */ = {isa = PBXFileReference; lastKnownFileType = file.xib; path = MyInfoHeader.xib; sourceTree = "<group>"; };
		9C770594238FA351008E1552 /* MyListCell.swift */ = {isa = PBXFileReference; lastKnownFileType = sourcecode.swift; path = MyListCell.swift; sourceTree = "<group>"; };
		9C770595238FA351008E1552 /* MyListCell.xib */ = {isa = PBXFileReference; lastKnownFileType = file.xib; path = MyListCell.xib; sourceTree = "<group>"; };
		9C770599238FACC7008E1552 /* MyViewModel.swift */ = {isa = PBXFileReference; lastKnownFileType = sourcecode.swift; path = MyViewModel.swift; sourceTree = "<group>"; };
		9C77059B238FBFC6008E1552 /* MySettingViewController.swift */ = {isa = PBXFileReference; lastKnownFileType = sourcecode.swift; path = MySettingViewController.swift; sourceTree = "<group>"; };
		9C77059D238FCC79008E1552 /* MySettingViewModel.swift */ = {isa = PBXFileReference; lastKnownFileType = sourcecode.swift; path = MySettingViewModel.swift; sourceTree = "<group>"; };
		9C77059F238FE358008E1552 /* SingleInputController.swift */ = {isa = PBXFileReference; lastKnownFileType = sourcecode.swift; path = SingleInputController.swift; sourceTree = "<group>"; };
		9C7705A0238FE358008E1552 /* SingleInputController.xib */ = {isa = PBXFileReference; lastKnownFileType = file.xib; path = SingleInputController.xib; sourceTree = "<group>"; };
		9C7AFF132395FAF70075442D /* GeolocationService.swift */ = {isa = PBXFileReference; fileEncoding = 4; lastKnownFileType = sourcecode.swift; path = GeolocationService.swift; sourceTree = "<group>"; };
		9C7AFF152395FC870075442D /* CLLocationManager+Rx.swift */ = {isa = PBXFileReference; lastKnownFileType = sourcecode.swift; path = "CLLocationManager+Rx.swift"; sourceTree = "<group>"; };
		9C7AFF172395FD2C0075442D /* GoudaMapModel.swift */ = {isa = PBXFileReference; lastKnownFileType = sourcecode.swift; path = GoudaMapModel.swift; sourceTree = "<group>"; };
		9C7AFF19239600830075442D /* SearchPlotController.swift */ = {isa = PBXFileReference; lastKnownFileType = sourcecode.swift; path = SearchPlotController.swift; sourceTree = "<group>"; };
		9C7AFF1B239603F00075442D /* SearchPlotCell.swift */ = {isa = PBXFileReference; lastKnownFileType = sourcecode.swift; path = SearchPlotCell.swift; sourceTree = "<group>"; };
		9C7AFF1C239603F00075442D /* SearchPlotCell.xib */ = {isa = PBXFileReference; lastKnownFileType = file.xib; path = SearchPlotCell.xib; sourceTree = "<group>"; };
		9C7AFF1F239618040075442D /* SearchPlotViewModel.swift */ = {isa = PBXFileReference; lastKnownFileType = sourcecode.swift; path = SearchPlotViewModel.swift; sourceTree = "<group>"; };
		9C7AFF21239631930075442D /* UKRefreshStatus.swift */ = {isa = PBXFileReference; fileEncoding = 4; lastKnownFileType = sourcecode.swift; path = UKRefreshStatus.swift; sourceTree = "<group>"; };
		9C7AFF23239636640075442D /* NSMutableAttributedString+Extention.swift */ = {isa = PBXFileReference; lastKnownFileType = sourcecode.swift; path = "NSMutableAttributedString+Extention.swift"; sourceTree = "<group>"; };
		9C7AFF2523964A950075442D /* SetBuildingNumberController.swift */ = {isa = PBXFileReference; lastKnownFileType = sourcecode.swift; path = SetBuildingNumberController.swift; sourceTree = "<group>"; };
		9CB4B346239DE08E001197AB /* PasswordManagementController.swift */ = {isa = PBXFileReference; lastKnownFileType = sourcecode.swift; path = PasswordManagementController.swift; sourceTree = "<group>"; };
		9CB4B348239DE774001197AB /* PasswordManagementViewModel.swift */ = {isa = PBXFileReference; lastKnownFileType = sourcecode.swift; path = PasswordManagementViewModel.swift; sourceTree = "<group>"; };
		9CB4B34A239DE8C3001197AB /* DigitalPasswordModel.swift */ = {isa = PBXFileReference; lastKnownFileType = sourcecode.swift; path = DigitalPasswordModel.swift; sourceTree = "<group>"; };
		9CB4B34C239DF519001197AB /* DigitalPwdDetailController.swift */ = {isa = PBXFileReference; lastKnownFileType = sourcecode.swift; path = DigitalPwdDetailController.swift; sourceTree = "<group>"; };
		9CB4B34E239E31FC001197AB /* ChangeDigitalPwdController.swift */ = {isa = PBXFileReference; lastKnownFileType = sourcecode.swift; path = ChangeDigitalPwdController.swift; sourceTree = "<group>"; };
		9CB4B350239E3AA2001197AB /* DigitalChangePwdViewModel.swift */ = {isa = PBXFileReference; lastKnownFileType = sourcecode.swift; path = DigitalChangePwdViewModel.swift; sourceTree = "<group>"; };
		9CDD271E2382801D006A9B97 /* 门锁助手-极速版.app */ = {isa = PBXFileReference; explicitFileType = wrapper.application; includeInIndex = 0; path = "门锁助手-极速版.app"; sourceTree = BUILT_PRODUCTS_DIR; };
		9CDD27212382801D006A9B97 /* AppDelegate.swift */ = {isa = PBXFileReference; lastKnownFileType = sourcecode.swift; path = AppDelegate.swift; sourceTree = "<group>"; };
		9CDD27282382801D006A9B97 /* Base */ = {isa = PBXFileReference; lastKnownFileType = file.storyboard; name = Base; path = Base.lproj/Main.storyboard; sourceTree = "<group>"; };
		9CDD272A2382801E006A9B97 /* Assets.xcassets */ = {isa = PBXFileReference; lastKnownFileType = folder.assetcatalog; path = Assets.xcassets; sourceTree = "<group>"; };
		9CDD272D2382801E006A9B97 /* Base */ = {isa = PBXFileReference; lastKnownFileType = file.storyboard; name = Base; path = Base.lproj/LaunchScreen.storyboard; sourceTree = "<group>"; };
		9CDD272F2382801E006A9B97 /* Info.plist */ = {isa = PBXFileReference; lastKnownFileType = text.plist.xml; path = Info.plist; sourceTree = "<group>"; };
		9CDD274323829363006A9B97 /* RootViewController.swift */ = {isa = PBXFileReference; lastKnownFileType = sourcecode.swift; path = RootViewController.swift; sourceTree = "<group>"; };
		9CFDE1F82384EA2A0062522E /* opendoor.json */ = {isa = PBXFileReference; fileEncoding = 4; lastKnownFileType = text.json; path = opendoor.json; sourceTree = "<group>"; };
		9CFDE1FB238513D40062522E /* bluetooth.json */ = {isa = PBXFileReference; fileEncoding = 4; lastKnownFileType = text.json; path = bluetooth.json; sourceTree = "<group>"; };
		9CFDE1FE23851E310062522E /* NetworkingEnvironment.swift */ = {isa = PBXFileReference; fileEncoding = 4; lastKnownFileType = sourcecode.swift; path = NetworkingEnvironment.swift; sourceTree = "<group>"; };
		9CFDE20023851EE80062522E /* NetworkInterface.swift */ = {isa = PBXFileReference; lastKnownFileType = sourcecode.swift; path = NetworkInterface.swift; sourceTree = "<group>"; };
		9CFDE20223851F660062522E /* NetworkInterfaceImplement.swift */ = {isa = PBXFileReference; lastKnownFileType = sourcecode.swift; path = NetworkInterfaceImplement.swift; sourceTree = "<group>"; };
		9CFDE2042385219F0062522E /* RxMoyaProvider.swift */ = {isa = PBXFileReference; lastKnownFileType = sourcecode.swift; path = RxMoyaProvider.swift; sourceTree = "<group>"; };
		9CFDE206238523A80062522E /* LoadingPlugin.swift */ = {isa = PBXFileReference; lastKnownFileType = sourcecode.swift; path = LoadingPlugin.swift; sourceTree = "<group>"; };
		9CFDE20A238531CB0062522E /* loading.json */ = {isa = PBXFileReference; fileEncoding = 4; lastKnownFileType = text.json; path = loading.json; sourceTree = "<group>"; };
		9CFDE20E2385346E0062522E /* AppErrorDomain.swift */ = {isa = PBXFileReference; lastKnownFileType = sourcecode.swift; path = AppErrorDomain.swift; sourceTree = "<group>"; };
		9CFDE210238537A30062522E /* NetworkAPI.swift */ = {isa = PBXFileReference; lastKnownFileType = sourcecode.swift; path = NetworkAPI.swift; sourceTree = "<group>"; };
		9CFDE21323853C170062522E /* NetworkMetaDb.swift */ = {isa = PBXFileReference; lastKnownFileType = sourcecode.swift; path = NetworkMetaDb.swift; sourceTree = "<group>"; };
		9CFDE21523853DE60062522E /* NetworkDiskStorage.swift */ = {isa = PBXFileReference; lastKnownFileType = sourcecode.swift; path = NetworkDiskStorage.swift; sourceTree = "<group>"; };
/* End PBXFileReference section */

/* Begin PBXFrameworksBuildPhase section */
		9CDD271B2382801D006A9B97 /* Frameworks */ = {
			isa = PBXFrameworksBuildPhase;
			buildActionMask = 2147483647;
			files = (
				1F64F18F4FD1BF62618F8397 /* Pods_LightSmartLock.framework in Frameworks */,
			);
			runOnlyForDeploymentPostprocessing = 0;
		};
/* End PBXFrameworksBuildPhase section */

/* Begin PBXGroup section */
		101921C344D776C9AFC98337 /* Pods */ = {
			isa = PBXGroup;
			children = (
				56B15D3085FA9EFD559AB2C2 /* Pods-LightSmartLock.debug.xcconfig */,
				2CC741DB4C59065DD926D509 /* Pods-LightSmartLock.release.xcconfig */,
			);
			path = Pods;
			sourceTree = "<group>";
		};
		4564EFD573D1492540C35AF0 /* Frameworks */ = {
			isa = PBXGroup;
			children = (
				5927D6F125DE487DAA43F786 /* Pods_LightSmartLock.framework */,
			);
			name = Frameworks;
			sourceTree = "<group>";
		};
		9C1A4BC1238D09CB00626DB4 /* View */ = {
			isa = PBXGroup;
			children = (
				9C1A4BC2238D0A1A00626DB4 /* AnimationHeaderView.swift */,
				9C1A4BC3238D0A1A00626DB4 /* AnimationHeaderView.xib */,
				9C1A4BC6238D2E7C00626DB4 /* HomeControlCell.swift */,
				9C1A4BC7238D2E7C00626DB4 /* HomeControlCell.xib */,
				9C1A4BCA238D35BA00626DB4 /* HomeUnlockRecordHeader.swift */,
				9C1A4BCB238D35BA00626DB4 /* HomeUnlockRecordHeader.xib */,
				9C52402B238E163D00308AC4 /* UnlockRecordCell.swift */,
				9C52402C238E163D00308AC4 /* UnlockRecordCell.xib */,
				9C7AFF1B239603F00075442D /* SearchPlotCell.swift */,
				9C7AFF1C239603F00075442D /* SearchPlotCell.xib */,
			);
			path = View;
			sourceTree = "<group>";
		};
		9C1B87C02397677300216ADA /* InitialLock */ = {
			isa = PBXGroup;
			children = (
				9C1B87C523976FF600216ADA /* ViewModel */,
				9C1B87CC23979B7200216ADA /* SelectLockTypeController.swift */,
				9C1B87C32397693100216ADA /* LockStartScanningController.swift */,
				9C1B87C82397739100216ADA /* LockSettingPasswordController.swift */,
				9C1B87C1239767A100216ADA /* InitialLock.storyboard */,
			);
			path = InitialLock;
			sourceTree = "<group>";
		};
		9C1B87C523976FF600216ADA /* ViewModel */ = {
			isa = PBXGroup;
			children = (
				9C1B87C62397701C00216ADA /* LockStartScanViewModel.swift */,
				9C1B87CA2397942700216ADA /* LockBindViewModel.swift */,
			);
			path = ViewModel;
			sourceTree = "<group>";
		};
		9C1C838C23892C66005BB17C /* ViewModel */ = {
			isa = PBXGroup;
			children = (
				9C1C838D23892C83005BB17C /* HomeViewModel.swift */,
				9C524037238E66B500308AC4 /* RecordUnlockReactor.swift */,
				9C3726E623913C5400450757 /* MessageCenterViewModel.swift */,
				9C452F0D2394E84A00144827 /* BluetoothViewModel.swift */,
				9C452F0F2394E9CE00144827 /* LockSettingViewModel.swift */,
				9C54719E239517F000432ACA /* PositionViewModel.swift */,
				9C7AFF1F239618040075442D /* SearchPlotViewModel.swift */,
				9C47DB7E239A36560019EAA0 /* UserManagementViewModel.swift */,
				9CB4B348239DE774001197AB /* PasswordManagementViewModel.swift */,
				9CB4B350239E3AA2001197AB /* DigitalChangePwdViewModel.swift */,
			);
			path = ViewModel;
			sourceTree = "<group>";
		};
		9C24AC1023838417005EBF95 /* Infrastructure */ = {
			isa = PBXGroup;
			children = (
				9C24AC1323838C80005EBF95 /* BaseNavigationController.swift */,
				9C24AC1523838CD1005EBF95 /* NavigationSettingStyle.swift */,
				9C24AC1E2383A2C7005EBF95 /* ColorClassification.swift */,
				9C24AC2A2383CD94005EBF95 /* StaticConst.swift */,
				9C24AC492383F344005EBF95 /* CustomizedTabbarItem.swift */,
				9C24AC4B2383F639005EBF95 /* CustomizedOpenDoorItem.swift */,
				9C3726C72390C6AD00450757 /* Empty+UIViewController.swift */,
				9C7AFF21239631930075442D /* UKRefreshStatus.swift */,
				9C47DB82239A39070019EAA0 /* ListViewModeling.swift */,
			);
			path = Infrastructure;
			sourceTree = "<group>";
		};
		9C24AC1723838E42005EBF95 /* Extensions */ = {
			isa = PBXGroup;
			children = (
				9C24AC262383CB78005EBF95 /* ObjectAssociation.swift */,
				9C24AC242383C9CB005EBF95 /* UIView+Extension.swift */,
				9C24AC1823838E56005EBF95 /* UIFont+extension.swift */,
				9C24AC1C23839EB9005EBF95 /* UIImage+Extension.swift */,
				9C24AC282383CB92005EBF95 /* UITextField+Extension.swift */,
				9C24AC1A23839D74005EBF95 /* Swizzling+UIViewController.swift */,
				9C42976C23866026004CB999 /* UIButton+Extension.swift */,
				9C42976E23866088004CB999 /* PKHud+Rx.swift */,
				9C524029238E132900308AC4 /* UIApplication+Rx.swift */,
				9C52402F238E56A700308AC4 /* UIViewController+Extension.swift */,
				9C3726DB23910CB000450757 /* String+Extension.swift */,
				9C7AFF152395FC870075442D /* CLLocationManager+Rx.swift */,
				9C7AFF23239636640075442D /* NSMutableAttributedString+Extention.swift */,
			);
			path = Extensions;
			sourceTree = "<group>";
		};
		9C24AC2C2383D4E7005EBF95 /* GlobalSingle */ = {
			isa = PBXGroup;
			children = (
				9C24AC2D2383D5D9005EBF95 /* LSLUser.swift */,
				9C77059F238FE358008E1552 /* SingleInputController.swift */,
				9C7705A0238FE358008E1552 /* SingleInputController.xib */,
				9C54719A239507DE00432ACA /* LSLWebViewController.swift */,
				9C5471A323951C1E00432ACA /* DataPickerController.swift */,
				9C5471A223951C1E00432ACA /* DataPickerController.xib */,
				9C7AFF132395FAF70075442D /* GeolocationService.swift */,
				9C47DB72239A0A220019EAA0 /* Popups.swift */,
				9C47DB76239A0A810019EAA0 /* SelectPopupView.swift */,
				9C47DB78239A0B0E0019EAA0 /* SelectPopupView.xib */,
			);
			path = GlobalSingle;
			sourceTree = "<group>";
		};
		9C24AC312383D8F4005EBF95 /* Models */ = {
			isa = PBXGroup;
			children = (
				9C24AC322383D91B005EBF95 /* AccessTokenModel.swift */,
				9C24AC342383DCB0005EBF95 /* UserModel.swift */,
				9C24AC362383DE6E005EBF95 /* SceneModels.swift */,
				9C24AC382383E00C005EBF95 /* LockModels.swift */,
				9C452F072394AA2E00144827 /* CenterMessageModel.swift */,
				9C5471A02395184400432ACA /* PositionModel.swift */,
				9C7AFF172395FD2C0075442D /* GoudaMapModel.swift */,
				9C47DB7C239A36320019EAA0 /* UserMembersModels.swift */,
				9CB4B34A239DE8C3001197AB /* DigitalPasswordModel.swift */,
			);
			path = Models;
			sourceTree = "<group>";
		};
		9C24AC3C2383E758005EBF95 /* ToolBox */ = {
			isa = PBXGroup;
			children = (
				9C24AC2F2383D89A005EBF95 /* LocalArchiver.swift */,
				9C24AC3A2383E736005EBF95 /* ViewLoader.swift */,
			);
			path = ToolBox;
			sourceTree = "<group>";
		};
		9C3726CF23910C0100450757 /* Bluepapa */ = {
			isa = PBXGroup;
			children = (
				9C3726DF2391108400450757 /* PPBluetoothScanEntity.swift */,
				9C3726DD23910FF700450757 /* BluetoothPapa.swift */,
				9C3726D123910C0100450757 /* Utilities */,
			);
			path = Bluepapa;
			sourceTree = "<group>";
		};
		9C3726D123910C0100450757 /* Utilities */ = {
			isa = PBXGroup;
			children = (
				9C3726D223910C0100450757 /* NORData.swift */,
				9C3726D423910C0100450757 /* NORServiceIdentifiers.swift */,
			);
			path = Utilities;
			sourceTree = "<group>";
		};
		9C3726E12391163900450757 /* ViewModel */ = {
			isa = PBXGroup;
			children = (
				9C3726E22391164700450757 /* OpenDoorViewModel.swift */,
			);
			path = ViewModel;
			sourceTree = "<group>";
		};
		9C429763238635C1004CB999 /* ViewModel */ = {
			isa = PBXGroup;
			children = (
				9C429766238637E3004CB999 /* LoginViewReactor.swift */,
				9C42976A2386389B004CB999 /* LoginService.swift */,
				9C4297772386A64C004CB999 /* RegistrationRecoveryService.swift */,
				9C752FD123879546000FEA73 /* RegisPwdViewModel.swift */,
			);
			path = ViewModel;
			sourceTree = "<group>";
		};
		9C524026238E12AF00308AC4 /* InvokedProxy */ = {
			isa = PBXGroup;
			children = (
				9C524027238E12E300308AC4 /* UIApplicationProxy.swift */,
			);
			path = InvokedProxy;
			sourceTree = "<group>";
		};
		9C752FCE238794AB000FEA73 /* View */ = {
			isa = PBXGroup;
			children = (
				9C752FCF238794BE000FEA73 /* CountdownButton.swift */,
			);
			path = View;
			sourceTree = "<group>";
		};
		9C77058F238FA0FB008E1552 /* View */ = {
			isa = PBXGroup;
			children = (
				9C770590238FA11A008E1552 /* MyInfoHeader.swift */,
				9C770591238FA11A008E1552 /* MyInfoHeader.xib */,
				9C770594238FA351008E1552 /* MyListCell.swift */,
				9C770595238FA351008E1552 /* MyListCell.xib */,
			);
			path = View;
			sourceTree = "<group>";
		};
		9C770598238FA846008E1552 /* ViewModel */ = {
			isa = PBXGroup;
			children = (
				9C770599238FACC7008E1552 /* MyViewModel.swift */,
				9C77059D238FCC79008E1552 /* MySettingViewModel.swift */,
			);
			path = ViewModel;
			sourceTree = "<group>";
		};
		9CDD27152382801C006A9B97 = {
			isa = PBXGroup;
			children = (
				9CDD27202382801D006A9B97 /* LightSmartLock */,
				9CDD271F2382801D006A9B97 /* Products */,
				101921C344D776C9AFC98337 /* Pods */,
				4564EFD573D1492540C35AF0 /* Frameworks */,
			);
			sourceTree = "<group>";
		};
		9CDD271F2382801D006A9B97 /* Products */ = {
			isa = PBXGroup;
			children = (
				9CDD271E2382801D006A9B97 /* 门锁助手-极速版.app */,
			);
			name = Products;
			sourceTree = "<group>";
		};
		9CDD27202382801D006A9B97 /* LightSmartLock */ = {
			isa = PBXGroup;
			children = (
				9C3726CF23910C0100450757 /* Bluepapa */,
				9C524026238E12AF00308AC4 /* InvokedProxy */,
				9CFDE1FD23851CC40062522E /* Network */,
				9CFDE1F62384E9FD0062522E /* AnimationSource */,
				9C24AC3C2383E758005EBF95 /* ToolBox */,
				9C24AC312383D8F4005EBF95 /* Models */,
				9C24AC2C2383D4E7005EBF95 /* GlobalSingle */,
				9C24AC1723838E42005EBF95 /* Extensions */,
				9C24AC1023838417005EBF95 /* Infrastructure */,
				9CDD2739238283D8006A9B97 /* Controllers */,
				9CDD27212382801D006A9B97 /* AppDelegate.swift */,
				9CDD274323829363006A9B97 /* RootViewController.swift */,
				9CDD27272382801D006A9B97 /* Main.storyboard */,
				9CDD272A2382801E006A9B97 /* Assets.xcassets */,
				9CDD272C2382801E006A9B97 /* LaunchScreen.storyboard */,
				9CDD272F2382801E006A9B97 /* Info.plist */,
			);
			path = LightSmartLock;
			sourceTree = "<group>";
		};
		9CDD2739238283D8006A9B97 /* Controllers */ = {
			isa = PBXGroup;
			children = (
				9C1B87C02397677300216ADA /* InitialLock */,
				9CDD27452382AD4E006A9B97 /* Login */,
				9CDD273E23828639006A9B97 /* OpenDoor */,
				9CDD273B23828599006A9B97 /* Lock */,
				9CDD273A238283EA006A9B97 /* My */,
			);
			path = Controllers;
			sourceTree = "<group>";
		};
		9CDD273A238283EA006A9B97 /* My */ = {
			isa = PBXGroup;
			children = (
				9C770598238FA846008E1552 /* ViewModel */,
				9C77058F238FA0FB008E1552 /* View */,
				9C24AC452383EBB1005EBF95 /* MyViewController.swift */,
				9C77059B238FBFC6008E1552 /* MySettingViewController.swift */,
				9C3726C52390B2DD00450757 /* ChangePasswordController.swift */,
				9C3726CD2390D29900450757 /* ChangePhoneController.swift */,
				9C24AC432383EB96005EBF95 /* My.storyboard */,
			);
			path = My;
			sourceTree = "<group>";
		};
		9CDD273B23828599006A9B97 /* Lock */ = {
			isa = PBXGroup;
			children = (
				9C1A4BC1238D09CB00626DB4 /* View */,
				9C1C838C23892C66005BB17C /* ViewModel */,
				9C24AC472383EBE5005EBF95 /* HomeViewController.swift */,
				9C752FD32388080A000FEA73 /* NoLockViewController.swift */,
				9C524033238E64C000308AC4 /* RecordUnlockController.swift */,
				9C3726E42391369900450757 /* MessageCenterController.swift */,
				9C452F092394C38800144827 /* HomeSettringController.swift */,
				9C452F0B2394E2BE00144827 /* LockSettingController.swift */,
				9C452F112394EC3E00144827 /* SoundSettingController.swift */,
				9C5471982395047200432ACA /* LockInfoController.swift */,
				9C54719C2395107E00432ACA /* PositioEditingController.swift */,
				9C7AFF19239600830075442D /* SearchPlotController.swift */,
				9C7AFF2523964A950075442D /* SetBuildingNumberController.swift */,
				9C47DB7A239A2DD70019EAA0 /* UserManagementController.swift */,
				9C47DB84239A526E0019EAA0 /* UserDetailController.swift */,
				9CB4B346239DE08E001197AB /* PasswordManagementController.swift */,
				9CB4B34C239DF519001197AB /* DigitalPwdDetailController.swift */,
				9CB4B34E239E31FC001197AB /* ChangeDigitalPwdController.swift */,
				9C24AC412383EB88005EBF95 /* Home.storyboard */,
			);
			path = Lock;
			sourceTree = "<group>";
		};
		9CDD273E23828639006A9B97 /* OpenDoor */ = {
			isa = PBXGroup;
			children = (
				9C3726E12391163900450757 /* ViewModel */,
				9C24AC3D2383EB55005EBF95 /* OpenDoorViewController.swift */,
				9C24AC3E2383EB55005EBF95 /* OpenDoorViewController.xib */,
			);
			path = OpenDoor;
			sourceTree = "<group>";
		};
		9CDD27452382AD4E006A9B97 /* Login */ = {
			isa = PBXGroup;
			children = (
				9C752FCE238794AB000FEA73 /* View */,
				9C429763238635C1004CB999 /* ViewModel */,
				9C24AC222383C206005EBF95 /* LoginViewController.swift */,
				9C752FCC238774A9000FEA73 /* RegisterForgetController.swift */,
				9C24AC202383C1C6005EBF95 /* Login.storyboard */,
			);
			path = Login;
			sourceTree = "<group>";
		};
		9CFDE1F62384E9FD0062522E /* AnimationSource */ = {
			isa = PBXGroup;
			children = (
				9C524022238E0E3F00308AC4 /* error.json */,
				9C524024238E0E5500308AC4 /* warning.json */,
				9C3726CB2390CE4D00450757 /* normalDarkMode.json */,
				9C524020238E0E3100308AC4 /* normal.json */,
				9CFDE20A238531CB0062522E /* loading.json */,
				9CFDE1FB238513D40062522E /* bluetooth.json */,
				9CFDE1F82384EA2A0062522E /* opendoor.json */,
			);
			path = AnimationSource;
			sourceTree = "<group>";
		};
		9CFDE1FD23851CC40062522E /* Network */ = {
			isa = PBXGroup;
			children = (
				9CFDE21223853A330062522E /* NetworkDiskCache */,
				9CFDE1FE23851E310062522E /* NetworkingEnvironment.swift */,
				9CFDE20023851EE80062522E /* NetworkInterface.swift */,
				9CFDE20223851F660062522E /* NetworkInterfaceImplement.swift */,
				9CFDE2042385219F0062522E /* RxMoyaProvider.swift */,
				9CFDE206238523A80062522E /* LoadingPlugin.swift */,
				9CFDE20E2385346E0062522E /* AppErrorDomain.swift */,
				9CFDE210238537A30062522E /* NetworkAPI.swift */,
			);
			path = Network;
			sourceTree = "<group>";
		};
		9CFDE21223853A330062522E /* NetworkDiskCache */ = {
			isa = PBXGroup;
			children = (
				9CFDE21323853C170062522E /* NetworkMetaDb.swift */,
				9CFDE21523853DE60062522E /* NetworkDiskStorage.swift */,
			);
			path = NetworkDiskCache;
			sourceTree = "<group>";
		};
/* End PBXGroup section */

/* Begin PBXNativeTarget section */
		9CDD271D2382801D006A9B97 /* LightSmartLock */ = {
			isa = PBXNativeTarget;
			buildConfigurationList = 9CDD27322382801E006A9B97 /* Build configuration list for PBXNativeTarget "LightSmartLock" */;
			buildPhases = (
				2C563FE540223424BF222EE8 /* [CP] Check Pods Manifest.lock */,
				9CDD271A2382801D006A9B97 /* Sources */,
				9CDD271B2382801D006A9B97 /* Frameworks */,
				9CDD271C2382801D006A9B97 /* Resources */,
				1CF9CF37DF08EFBB844E8A99 /* [CP] Embed Pods Frameworks */,
			);
			buildRules = (
			);
			dependencies = (
			);
			name = LightSmartLock;
			productName = LightSmartLock;
			productReference = 9CDD271E2382801D006A9B97 /* 门锁助手-极速版.app */;
			productType = "com.apple.product-type.application";
		};
/* End PBXNativeTarget section */

/* Begin PBXProject section */
		9CDD27162382801C006A9B97 /* Project object */ = {
			isa = PBXProject;
			attributes = {
				LastSwiftUpdateCheck = 1120;
				LastUpgradeCheck = 1120;
				ORGANIZATIONNAME = mugua;
				TargetAttributes = {
					9CDD271D2382801D006A9B97 = {
						CreatedOnToolsVersion = 11.2.1;
					};
				};
			};
			buildConfigurationList = 9CDD27192382801C006A9B97 /* Build configuration list for PBXProject "LightSmartLock" */;
			compatibilityVersion = "Xcode 9.3";
			developmentRegion = en;
			hasScannedForEncodings = 0;
			knownRegions = (
				en,
				Base,
			);
			mainGroup = 9CDD27152382801C006A9B97;
			productRefGroup = 9CDD271F2382801D006A9B97 /* Products */;
			projectDirPath = "";
			projectRoot = "";
			targets = (
				9CDD271D2382801D006A9B97 /* LightSmartLock */,
			);
		};
/* End PBXProject section */

/* Begin PBXResourcesBuildPhase section */
		9CDD271C2382801D006A9B97 /* Resources */ = {
			isa = PBXResourcesBuildPhase;
			buildActionMask = 2147483647;
			files = (
				9C1B87C2239767A100216ADA /* InitialLock.storyboard in Resources */,
				9C7705A2238FE358008E1552 /* SingleInputController.xib in Resources */,
				9C1A4BC5238D0A1A00626DB4 /* AnimationHeaderView.xib in Resources */,
				9C1A4BC9238D2E7C00626DB4 /* HomeControlCell.xib in Resources */,
				9C770593238FA11A008E1552 /* MyInfoHeader.xib in Resources */,
				9CFDE1FC238513D40062522E /* bluetooth.json in Resources */,
				9CFDE1FA2384EA2A0062522E /* opendoor.json in Resources */,
				9C770597238FA351008E1552 /* MyListCell.xib in Resources */,
				9C24AC402383EB55005EBF95 /* OpenDoorViewController.xib in Resources */,
				9C1A4BCD238D35BA00626DB4 /* HomeUnlockRecordHeader.xib in Resources */,
				9C24AC212383C1C6005EBF95 /* Login.storyboard in Resources */,
				9C52402E238E163D00308AC4 /* UnlockRecordCell.xib in Resources */,
				9CFDE20B238531CB0062522E /* loading.json in Resources */,
				9CDD272E2382801E006A9B97 /* LaunchScreen.storyboard in Resources */,
				9C24AC422383EB88005EBF95 /* Home.storyboard in Resources */,
				9C524025238E0E5500308AC4 /* warning.json in Resources */,
				9C524021238E0E3100308AC4 /* normal.json in Resources */,
				9C524023238E0E3F00308AC4 /* error.json in Resources */,
				9CDD272B2382801E006A9B97 /* Assets.xcassets in Resources */,
				9CDD27292382801D006A9B97 /* Main.storyboard in Resources */,
				9C7AFF1E239603F00075442D /* SearchPlotCell.xib in Resources */,
				9C47DB79239A0B0E0019EAA0 /* SelectPopupView.xib in Resources */,
				9C24AC442383EB96005EBF95 /* My.storyboard in Resources */,
				9C3726CC2390CE4D00450757 /* normalDarkMode.json in Resources */,
				9C5471A423951C1E00432ACA /* DataPickerController.xib in Resources */,
			);
			runOnlyForDeploymentPostprocessing = 0;
		};
/* End PBXResourcesBuildPhase section */

/* Begin PBXShellScriptBuildPhase section */
		1CF9CF37DF08EFBB844E8A99 /* [CP] Embed Pods Frameworks */ = {
			isa = PBXShellScriptBuildPhase;
			buildActionMask = 2147483647;
			files = (
			);
			inputFileListPaths = (
				"${PODS_ROOT}/Target Support Files/Pods-LightSmartLock/Pods-LightSmartLock-frameworks-${CONFIGURATION}-input-files.xcfilelist",
			);
			name = "[CP] Embed Pods Frameworks";
			outputFileListPaths = (
				"${PODS_ROOT}/Target Support Files/Pods-LightSmartLock/Pods-LightSmartLock-frameworks-${CONFIGURATION}-output-files.xcfilelist",
			);
			runOnlyForDeploymentPostprocessing = 0;
			shellPath = /bin/sh;
			shellScript = "\"${PODS_ROOT}/Target Support Files/Pods-LightSmartLock/Pods-LightSmartLock-frameworks.sh\"\n";
			showEnvVarsInLog = 0;
		};
		2C563FE540223424BF222EE8 /* [CP] Check Pods Manifest.lock */ = {
			isa = PBXShellScriptBuildPhase;
			buildActionMask = 2147483647;
			files = (
			);
			inputFileListPaths = (
			);
			inputPaths = (
				"${PODS_PODFILE_DIR_PATH}/Podfile.lock",
				"${PODS_ROOT}/Manifest.lock",
			);
			name = "[CP] Check Pods Manifest.lock";
			outputFileListPaths = (
			);
			outputPaths = (
				"$(DERIVED_FILE_DIR)/Pods-LightSmartLock-checkManifestLockResult.txt",
			);
			runOnlyForDeploymentPostprocessing = 0;
			shellPath = /bin/sh;
			shellScript = "diff \"${PODS_PODFILE_DIR_PATH}/Podfile.lock\" \"${PODS_ROOT}/Manifest.lock\" > /dev/null\nif [ $? != 0 ] ; then\n    # print error to STDERR\n    echo \"error: The sandbox is not in sync with the Podfile.lock. Run 'pod install' or update your CocoaPods installation.\" >&2\n    exit 1\nfi\n# This output is used by Xcode 'outputs' to avoid re-running this script phase.\necho \"SUCCESS\" > \"${SCRIPT_OUTPUT_FILE_0}\"\n";
			showEnvVarsInLog = 0;
		};
/* End PBXShellScriptBuildPhase section */

/* Begin PBXSourcesBuildPhase section */
		9CDD271A2382801D006A9B97 /* Sources */ = {
			isa = PBXSourcesBuildPhase;
			buildActionMask = 2147483647;
			files = (
				9CB4B349239DE774001197AB /* PasswordManagementViewModel.swift in Sources */,
				9C7AFF142395FAF70075442D /* GeolocationService.swift in Sources */,
				9C3726C62390B2DD00450757 /* ChangePasswordController.swift in Sources */,
				9CB4B34B239DE8C3001197AB /* DigitalPasswordModel.swift in Sources */,
				9C3726E723913C5400450757 /* MessageCenterViewModel.swift in Sources */,
				9C24AC232383C206005EBF95 /* LoginViewController.swift in Sources */,
				9C1B87CB2397942700216ADA /* LockBindViewModel.swift in Sources */,
				9C47DB85239A526E0019EAA0 /* UserDetailController.swift in Sources */,
				9C24AC272383CB78005EBF95 /* ObjectAssociation.swift in Sources */,
				9C24AC1B23839D75005EBF95 /* Swizzling+UIViewController.swift in Sources */,
				9CB4B34D239DF519001197AB /* DigitalPwdDetailController.swift in Sources */,
				9CB4B351239E3AA2001197AB /* DigitalChangePwdViewModel.swift in Sources */,
				9C47DB73239A0A220019EAA0 /* Popups.swift in Sources */,
				9C47DB7F239A36560019EAA0 /* UserManagementViewModel.swift in Sources */,
				9C1B87CD23979B7200216ADA /* SelectLockTypeController.swift in Sources */,
				9C24AC2B2383CD94005EBF95 /* StaticConst.swift in Sources */,
				9C752FCD238774A9000FEA73 /* RegisterForgetController.swift in Sources */,
				9C452F0E2394E84A00144827 /* BluetoothViewModel.swift in Sources */,
				9C24AC1D23839EB9005EBF95 /* UIImage+Extension.swift in Sources */,
				9C24AC3B2383E736005EBF95 /* ViewLoader.swift in Sources */,
				9CFDE21423853C170062522E /* NetworkMetaDb.swift in Sources */,
				9C54719F239517F000432ACA /* PositionViewModel.swift in Sources */,
				9C452F0A2394C38800144827 /* HomeSettringController.swift in Sources */,
				9C24AC482383EBE5005EBF95 /* HomeViewController.swift in Sources */,
				9C1A4BC8238D2E7C00626DB4 /* HomeControlCell.swift in Sources */,
				9C7AFF162395FC870075442D /* CLLocationManager+Rx.swift in Sources */,
				9CFDE20123851EE80062522E /* NetworkInterface.swift in Sources */,
				9CFDE20323851F660062522E /* NetworkInterfaceImplement.swift in Sources */,
				9C24AC462383EBB1005EBF95 /* MyViewController.swift in Sources */,
				9C3726CE2390D29900450757 /* ChangePhoneController.swift in Sources */,
				9C24AC332383D91B005EBF95 /* AccessTokenModel.swift in Sources */,
				9C7AFF22239631930075442D /* UKRefreshStatus.swift in Sources */,
				9C4297782386A64C004CB999 /* RegistrationRecoveryService.swift in Sources */,
				9C24AC302383D89A005EBF95 /* LocalArchiver.swift in Sources */,
				9CDD274423829363006A9B97 /* RootViewController.swift in Sources */,
				9C5471A523951C1E00432ACA /* DataPickerController.swift in Sources */,
				9CFDE207238523A80062522E /* LoadingPlugin.swift in Sources */,
				9C24AC4C2383F639005EBF95 /* CustomizedOpenDoorItem.swift in Sources */,
				9C7705A1238FE358008E1552 /* SingleInputController.swift in Sources */,
				9C524038238E66B500308AC4 /* RecordUnlockReactor.swift in Sources */,
				9C3726E52391369900450757 /* MessageCenterController.swift in Sources */,
				9C3726E32391164700450757 /* OpenDoorViewModel.swift in Sources */,
				9C1A4BCC238D35BA00626DB4 /* HomeUnlockRecordHeader.swift in Sources */,
				9CFDE211238537A30062522E /* NetworkAPI.swift in Sources */,
				9C77059E238FCC79008E1552 /* MySettingViewModel.swift in Sources */,
				9CFDE21623853DE60062522E /* NetworkDiskStorage.swift in Sources */,
				9C24AC3F2383EB55005EBF95 /* OpenDoorViewController.swift in Sources */,
				9C752FD0238794BE000FEA73 /* CountdownButton.swift in Sources */,
				9C47DB83239A39070019EAA0 /* ListViewModeling.swift in Sources */,
				9C7AFF1A239600830075442D /* SearchPlotController.swift in Sources */,
				9C24AC372383DE6E005EBF95 /* SceneModels.swift in Sources */,
				9C77059C238FBFC6008E1552 /* MySettingViewController.swift in Sources */,
				9C5471A12395184400432ACA /* PositionModel.swift in Sources */,
				9C429767238637E3004CB999 /* LoginViewReactor.swift in Sources */,
				9C1B87C92397739100216ADA /* LockSettingPasswordController.swift in Sources */,
				9C524028238E12E300308AC4 /* UIApplicationProxy.swift in Sources */,
				9C47DB77239A0A810019EAA0 /* SelectPopupView.swift in Sources */,
				9CB4B347239DE08E001197AB /* PasswordManagementController.swift in Sources */,
				9C42976D23866026004CB999 /* UIButton+Extension.swift in Sources */,
				9C54719D2395107E00432ACA /* PositioEditingController.swift in Sources */,
				9C752FD42388080A000FEA73 /* NoLockViewController.swift in Sources */,
				9C24AC352383DCB0005EBF95 /* UserModel.swift in Sources */,
				9C77059A238FACC7008E1552 /* MyViewModel.swift in Sources */,
				9C1A4BC4238D0A1A00626DB4 /* AnimationHeaderView.swift in Sources */,
				9C452F102394E9CE00144827 /* LockSettingViewModel.swift in Sources */,
				9C1C838E23892C83005BB17C /* HomeViewModel.swift in Sources */,
				9C24AC1923838E56005EBF95 /* UIFont+extension.swift in Sources */,
				9C452F0C2394E2BE00144827 /* LockSettingController.swift in Sources */,
				9C52402A238E132900308AC4 /* UIApplication+Rx.swift in Sources */,
				9CDD27222382801D006A9B97 /* AppDelegate.swift in Sources */,
				9C3726E02391108400450757 /* PPBluetoothScanEntity.swift in Sources */,
				9C770596238FA351008E1552 /* MyListCell.swift in Sources */,
				9C47DB7D239A36320019EAA0 /* UserMembersModels.swift in Sources */,
				9CB4B34F239E31FC001197AB /* ChangeDigitalPwdController.swift in Sources */,
				9C524034238E64C000308AC4 /* RecordUnlockController.swift in Sources */,
				9C7AFF1D239603F00075442D /* SearchPlotCell.swift in Sources */,
				9C7AFF24239636640075442D /* NSMutableAttributedString+Extention.swift in Sources */,
				9C1B87C72397701C00216ADA /* LockStartScanViewModel.swift in Sources */,
				9C24AC1623838CD1005EBF95 /* NavigationSettingStyle.swift in Sources */,
				9C3726D923910C0100450757 /* NORServiceIdentifiers.swift in Sources */,
				9C24AC1423838C80005EBF95 /* BaseNavigationController.swift in Sources */,
				9C24AC292383CB92005EBF95 /* UITextField+Extension.swift in Sources */,
				9CFDE20F2385346E0062522E /* AppErrorDomain.swift in Sources */,
				9C452F122394EC3E00144827 /* SoundSettingController.swift in Sources */,
				9C7AFF182395FD2C0075442D /* GoudaMapModel.swift in Sources */,
				9C524030238E56A700308AC4 /* UIViewController+Extension.swift in Sources */,
				9C24AC392383E00C005EBF95 /* LockModels.swift in Sources */,
				9C1B87C42397693100216ADA /* LockStartScanningController.swift in Sources */,
				9C7AFF20239618040075442D /* SearchPlotViewModel.swift in Sources */,
				9C54719B239507DE00432ACA /* LSLWebViewController.swift in Sources */,
				9C24AC252383C9CB005EBF95 /* UIView+Extension.swift in Sources */,
				9C3726DE23910FF700450757 /* BluetoothPapa.swift in Sources */,
				9C3726D723910C0100450757 /* NORData.swift in Sources */,
				9C24AC2E2383D5D9005EBF95 /* LSLUser.swift in Sources */,
				9C42976B2386389B004CB999 /* LoginService.swift in Sources */,
				9C3726DC23910CB000450757 /* String+Extension.swift in Sources */,
				9C47DB7B239A2DD70019EAA0 /* UserManagementController.swift in Sources */,
				9C24AC1F2383A2C7005EBF95 /* ColorClassification.swift in Sources */,
				9C3726C82390C6AD00450757 /* Empty+UIViewController.swift in Sources */,
				9C770592238FA11A008E1552 /* MyInfoHeader.swift in Sources */,
				9C52402D238E163D00308AC4 /* UnlockRecordCell.swift in Sources */,
				9C452F082394AA2E00144827 /* CenterMessageModel.swift in Sources */,
				9C7AFF2623964A950075442D /* SetBuildingNumberController.swift in Sources */,
				9C752FD223879546000FEA73 /* RegisPwdViewModel.swift in Sources */,
				9C42976F23866088004CB999 /* PKHud+Rx.swift in Sources */,
				9C5471992395047200432ACA /* LockInfoController.swift in Sources */,
				9C24AC4A2383F344005EBF95 /* CustomizedTabbarItem.swift in Sources */,
				9CFDE2052385219F0062522E /* RxMoyaProvider.swift in Sources */,
				9CFDE1FF23851E310062522E /* NetworkingEnvironment.swift in Sources */,
			);
			runOnlyForDeploymentPostprocessing = 0;
		};
/* End PBXSourcesBuildPhase section */

/* Begin PBXVariantGroup section */
		9CDD27272382801D006A9B97 /* Main.storyboard */ = {
			isa = PBXVariantGroup;
			children = (
				9CDD27282382801D006A9B97 /* Base */,
			);
			name = Main.storyboard;
			sourceTree = "<group>";
		};
		9CDD272C2382801E006A9B97 /* LaunchScreen.storyboard */ = {
			isa = PBXVariantGroup;
			children = (
				9CDD272D2382801E006A9B97 /* Base */,
			);
			name = LaunchScreen.storyboard;
			sourceTree = "<group>";
		};
/* End PBXVariantGroup section */

/* Begin XCBuildConfiguration section */
		9CDD27302382801E006A9B97 /* Debug */ = {
			isa = XCBuildConfiguration;
			buildSettings = {
				ALWAYS_SEARCH_USER_PATHS = NO;
				CLANG_ANALYZER_NONNULL = YES;
				CLANG_ANALYZER_NUMBER_OBJECT_CONVERSION = YES_AGGRESSIVE;
				CLANG_CXX_LANGUAGE_STANDARD = "gnu++14";
				CLANG_CXX_LIBRARY = "libc++";
				CLANG_ENABLE_MODULES = YES;
				CLANG_ENABLE_OBJC_ARC = YES;
				CLANG_ENABLE_OBJC_WEAK = YES;
				CLANG_WARN_BLOCK_CAPTURE_AUTORELEASING = YES;
				CLANG_WARN_BOOL_CONVERSION = YES;
				CLANG_WARN_COMMA = YES;
				CLANG_WARN_CONSTANT_CONVERSION = YES;
				CLANG_WARN_DEPRECATED_OBJC_IMPLEMENTATIONS = YES;
				CLANG_WARN_DIRECT_OBJC_ISA_USAGE = YES_ERROR;
				CLANG_WARN_DOCUMENTATION_COMMENTS = YES;
				CLANG_WARN_EMPTY_BODY = YES;
				CLANG_WARN_ENUM_CONVERSION = YES;
				CLANG_WARN_INFINITE_RECURSION = YES;
				CLANG_WARN_INT_CONVERSION = YES;
				CLANG_WARN_NON_LITERAL_NULL_CONVERSION = YES;
				CLANG_WARN_OBJC_IMPLICIT_RETAIN_SELF = YES;
				CLANG_WARN_OBJC_LITERAL_CONVERSION = YES;
				CLANG_WARN_OBJC_ROOT_CLASS = YES_ERROR;
				CLANG_WARN_RANGE_LOOP_ANALYSIS = YES;
				CLANG_WARN_STRICT_PROTOTYPES = YES;
				CLANG_WARN_SUSPICIOUS_MOVE = YES;
				CLANG_WARN_UNGUARDED_AVAILABILITY = YES_AGGRESSIVE;
				CLANG_WARN_UNREACHABLE_CODE = YES;
				CLANG_WARN__DUPLICATE_METHOD_MATCH = YES;
				COPY_PHASE_STRIP = NO;
				DEBUG_INFORMATION_FORMAT = dwarf;
				ENABLE_STRICT_OBJC_MSGSEND = YES;
				ENABLE_TESTABILITY = YES;
				GCC_C_LANGUAGE_STANDARD = gnu11;
				GCC_DYNAMIC_NO_PIC = NO;
				GCC_NO_COMMON_BLOCKS = YES;
				GCC_OPTIMIZATION_LEVEL = 0;
				GCC_PREPROCESSOR_DEFINITIONS = (
					"DEBUG=1",
					"$(inherited)",
				);
				GCC_WARN_64_TO_32_BIT_CONVERSION = YES;
				GCC_WARN_ABOUT_RETURN_TYPE = YES_ERROR;
				GCC_WARN_UNDECLARED_SELECTOR = YES;
				GCC_WARN_UNINITIALIZED_AUTOS = YES_AGGRESSIVE;
				GCC_WARN_UNUSED_FUNCTION = YES;
				GCC_WARN_UNUSED_VARIABLE = YES;
				IPHONEOS_DEPLOYMENT_TARGET = 13.2;
				MTL_ENABLE_DEBUG_INFO = INCLUDE_SOURCE;
				MTL_FAST_MATH = YES;
				ONLY_ACTIVE_ARCH = YES;
				SDKROOT = iphoneos;
				SWIFT_ACTIVE_COMPILATION_CONDITIONS = DEBUG;
				SWIFT_OPTIMIZATION_LEVEL = "-Onone";
			};
			name = Debug;
		};
		9CDD27312382801E006A9B97 /* Release */ = {
			isa = XCBuildConfiguration;
			buildSettings = {
				ALWAYS_SEARCH_USER_PATHS = NO;
				CLANG_ANALYZER_NONNULL = YES;
				CLANG_ANALYZER_NUMBER_OBJECT_CONVERSION = YES_AGGRESSIVE;
				CLANG_CXX_LANGUAGE_STANDARD = "gnu++14";
				CLANG_CXX_LIBRARY = "libc++";
				CLANG_ENABLE_MODULES = YES;
				CLANG_ENABLE_OBJC_ARC = YES;
				CLANG_ENABLE_OBJC_WEAK = YES;
				CLANG_WARN_BLOCK_CAPTURE_AUTORELEASING = YES;
				CLANG_WARN_BOOL_CONVERSION = YES;
				CLANG_WARN_COMMA = YES;
				CLANG_WARN_CONSTANT_CONVERSION = YES;
				CLANG_WARN_DEPRECATED_OBJC_IMPLEMENTATIONS = YES;
				CLANG_WARN_DIRECT_OBJC_ISA_USAGE = YES_ERROR;
				CLANG_WARN_DOCUMENTATION_COMMENTS = YES;
				CLANG_WARN_EMPTY_BODY = YES;
				CLANG_WARN_ENUM_CONVERSION = YES;
				CLANG_WARN_INFINITE_RECURSION = YES;
				CLANG_WARN_INT_CONVERSION = YES;
				CLANG_WARN_NON_LITERAL_NULL_CONVERSION = YES;
				CLANG_WARN_OBJC_IMPLICIT_RETAIN_SELF = YES;
				CLANG_WARN_OBJC_LITERAL_CONVERSION = YES;
				CLANG_WARN_OBJC_ROOT_CLASS = YES_ERROR;
				CLANG_WARN_RANGE_LOOP_ANALYSIS = YES;
				CLANG_WARN_STRICT_PROTOTYPES = YES;
				CLANG_WARN_SUSPICIOUS_MOVE = YES;
				CLANG_WARN_UNGUARDED_AVAILABILITY = YES_AGGRESSIVE;
				CLANG_WARN_UNREACHABLE_CODE = YES;
				CLANG_WARN__DUPLICATE_METHOD_MATCH = YES;
				COPY_PHASE_STRIP = NO;
				DEBUG_INFORMATION_FORMAT = "dwarf-with-dsym";
				ENABLE_NS_ASSERTIONS = NO;
				ENABLE_STRICT_OBJC_MSGSEND = YES;
				GCC_C_LANGUAGE_STANDARD = gnu11;
				GCC_NO_COMMON_BLOCKS = YES;
				GCC_WARN_64_TO_32_BIT_CONVERSION = YES;
				GCC_WARN_ABOUT_RETURN_TYPE = YES_ERROR;
				GCC_WARN_UNDECLARED_SELECTOR = YES;
				GCC_WARN_UNINITIALIZED_AUTOS = YES_AGGRESSIVE;
				GCC_WARN_UNUSED_FUNCTION = YES;
				GCC_WARN_UNUSED_VARIABLE = YES;
				IPHONEOS_DEPLOYMENT_TARGET = 13.2;
				MTL_ENABLE_DEBUG_INFO = NO;
				MTL_FAST_MATH = YES;
				SDKROOT = iphoneos;
				SWIFT_COMPILATION_MODE = wholemodule;
				SWIFT_OPTIMIZATION_LEVEL = "-O";
				VALIDATE_PRODUCT = YES;
			};
			name = Release;
		};
		9CDD27332382801E006A9B97 /* Debug */ = {
			isa = XCBuildConfiguration;
			baseConfigurationReference = 56B15D3085FA9EFD559AB2C2 /* Pods-LightSmartLock.debug.xcconfig */;
			buildSettings = {
				ASSETCATALOG_COMPILER_APPICON_NAME = AppIcon;
				CODE_SIGN_STYLE = Automatic;
				DEVELOPMENT_TEAM = 23CVKL3DB9;
				INFOPLIST_FILE = LightSmartLock/Info.plist;
				IPHONEOS_DEPLOYMENT_TARGET = 11.0;
				LD_RUNPATH_SEARCH_PATHS = (
					"$(inherited)",
					"@executable_path/Frameworks",
				);
				PRODUCT_BUNDLE_IDENTIFIER = com.oldwhy.LightSmartLock;
				PRODUCT_NAME = "门锁助手-极速版";
				SWIFT_VERSION = 5.0;
				TARGETED_DEVICE_FAMILY = 1;
			};
			name = Debug;
		};
		9CDD27342382801E006A9B97 /* Release */ = {
			isa = XCBuildConfiguration;
			baseConfigurationReference = 2CC741DB4C59065DD926D509 /* Pods-LightSmartLock.release.xcconfig */;
			buildSettings = {
				ASSETCATALOG_COMPILER_APPICON_NAME = AppIcon;
				CODE_SIGN_STYLE = Automatic;
				DEVELOPMENT_TEAM = 23CVKL3DB9;
				INFOPLIST_FILE = LightSmartLock/Info.plist;
				IPHONEOS_DEPLOYMENT_TARGET = 11.0;
				LD_RUNPATH_SEARCH_PATHS = (
					"$(inherited)",
					"@executable_path/Frameworks",
				);
				PRODUCT_BUNDLE_IDENTIFIER = com.oldwhy.LightSmartLock;
				PRODUCT_NAME = "门锁助手-极速版";
				SWIFT_VERSION = 5.0;
				TARGETED_DEVICE_FAMILY = 1;
			};
			name = Release;
		};
/* End XCBuildConfiguration section */

/* Begin XCConfigurationList section */
		9CDD27192382801C006A9B97 /* Build configuration list for PBXProject "LightSmartLock" */ = {
			isa = XCConfigurationList;
			buildConfigurations = (
				9CDD27302382801E006A9B97 /* Debug */,
				9CDD27312382801E006A9B97 /* Release */,
			);
			defaultConfigurationIsVisible = 0;
			defaultConfigurationName = Release;
		};
		9CDD27322382801E006A9B97 /* Build configuration list for PBXNativeTarget "LightSmartLock" */ = {
			isa = XCConfigurationList;
			buildConfigurations = (
				9CDD27332382801E006A9B97 /* Debug */,
				9CDD27342382801E006A9B97 /* Release */,
			);
			defaultConfigurationIsVisible = 0;
			defaultConfigurationName = Release;
		};
/* End XCConfigurationList section */
	};
	rootObject = 9CDD27162382801C006A9B97 /* Project object */;
}
